
Microsoft Visual Studio Solution File, Format Version 12.00
# Visual Studio Version 16
Project("{8BC9CEB8-8B4A-11D0-8D11-00A0C91BC942}") = "ALL_BUILD", "ALL_BUILD.vcxproj", "{909CD789-989D-3A30-A243-D03850C02DD9}"
	ProjectSection(ProjectDependencies) = postProject
		{6AAE0AC7-9DB4-3900-939E-229D82945AC1} = {6AAE0AC7-9DB4-3900-939E-229D82945AC1}
		{DCB65A01-3B15-3F6C-A3FF-B09782F0F70E} = {DCB65A01-3B15-3F6C-A3FF-B09782F0F70E}
		{DC5C26D1-73C6-353C-9D9B-924A73CB988E} = {DC5C26D1-73C6-353C-9D9B-924A73CB988E}
		{0CA9F7A0-6A28-3740-8350-B76318E58F64} = {0CA9F7A0-6A28-3740-8350-B76318E58F64}
		{9C03AF05-9E76-3F97-B0FB-4AB55214C59F} = {9C03AF05-9E76-3F97-B0FB-4AB55214C59F}
		{2D289DA1-B120-3A83-8F14-D92B26B85A71} = {2D289DA1-B120-3A83-8F14-D92B26B85A71}
		{55BBA167-14F3-37B2-A0B0-5A2276FA3A65} = {55BBA167-14F3-37B2-A0B0-5A2276FA3A65}
		{4F811827-8050-3EC0-A07B-9EDFDACD9444} = {4F811827-8050-3EC0-A07B-9EDFDACD9444}
		{0C831E25-CE82-3760-BFDC-222E519F4AB2} = {0C831E25-CE82-3760-BFDC-222E519F4AB2}
		{31BA6917-81F6-31FE-99B9-06150F69B970} = {31BA6917-81F6-31FE-99B9-06150F69B970}
		{9F62AEA8-8115-3588-9C6E-68C1961DE18E} = {9F62AEA8-8115-3588-9C6E-68C1961DE18E}
		{6E9D3468-2F09-3EC3-9423-10343335D2E1} = {6E9D3468-2F09-3EC3-9423-10343335D2E1}
		{CF245A38-51C0-338E-9C65-02E668161D78} = {CF245A38-51C0-338E-9C65-02E668161D78}
		{D3125EC5-FC4C-3FDB-8D0A-C285B586AE8E} = {D3125EC5-FC4C-3FDB-8D0A-C285B586AE8E}
		{5D7447D5-9C27-35EB-8C28-630BA64D2D0E} = {5D7447D5-9C27-35EB-8C28-630BA64D2D0E}
		{44B4F27E-6D69-34BE-8B52-C70976C29820} = {44B4F27E-6D69-34BE-8B52-C70976C29820}
		{3DC25442-4331-35CF-971B-54EF9D459B63} = {3DC25442-4331-35CF-971B-54EF9D459B63}
		{12462A78-B679-345E-A647-CE94F15D58FC} = {12462A78-B679-345E-A647-CE94F15D58FC}
		{70D464A0-D345-36A2-802E-2FA526A9735C} = {70D464A0-D345-36A2-802E-2FA526A9735C}
		{9E66CF67-CF5F-3661-9C5D-3F815A2BF7C4} = {9E66CF67-CF5F-3661-9C5D-3F815A2BF7C4}
		{28EBFED7-225C-3898-AE47-C43372174AA2} = {28EBFED7-225C-3898-AE47-C43372174AA2}
		{9F4AD0B0-52F3-379D-994A-AC9578A6E5F6} = {9F4AD0B0-52F3-379D-994A-AC9578A6E5F6}
		{94E7A0D1-EEE9-3B52-9890-936E153E486B} = {94E7A0D1-EEE9-3B52-9890-936E153E486B}
		{2F7068C3-B538-3379-B4B6-F46D2B515824} = {2F7068C3-B538-3379-B4B6-F46D2B515824}
		{2CFB7A55-3961-3251-854A-DE937BE8B7CE} = {2CFB7A55-3961-3251-854A-DE937BE8B7CE}
		{0F2667F9-11DA-3A49-8B12-AC055D51FAE1} = {0F2667F9-11DA-3A49-8B12-AC055D51FAE1}
		{3DDDD272-F77E-35E4-B8B6-0DB310B4BE2E} = {3DDDD272-F77E-35E4-B8B6-0DB310B4BE2E}
		{D44B9E13-6268-37B6-BDEB-31C8B4644379} = {D44B9E13-6268-37B6-BDEB-31C8B4644379}
		{40937C48-270C-3114-98A6-100F2B966B60} = {40937C48-270C-3114-98A6-100F2B966B60}
		{B85EB071-A54F-389B-B88A-08AECC193F2B} = {B85EB071-A54F-389B-B88A-08AECC193F2B}
		{E3E9890D-9D48-32C2-AC7E-D66B03AC78E4} = {E3E9890D-9D48-32C2-AC7E-D66B03AC78E4}
		{C91C70C4-C3A7-3082-A7AC-7B55C8F368E1} = {C91C70C4-C3A7-3082-A7AC-7B55C8F368E1}
		{585DB382-0710-388F-A5F0-A63BE10B3136} = {585DB382-0710-388F-A5F0-A63BE10B3136}
		{05226A01-62EC-34C8-836D-6E425D0AA942} = {05226A01-62EC-34C8-836D-6E425D0AA942}
		{09F421AF-B45C-3D89-818A-9361D2F75D4A} = {09F421AF-B45C-3D89-818A-9361D2F75D4A}
		{FACD0AF5-F324-380E-8091-4E42106309FF} = {FACD0AF5-F324-380E-8091-4E42106309FF}
		{519423B7-B0D1-3088-88C8-E1B8CEF02244} = {519423B7-B0D1-3088-88C8-E1B8CEF02244}
		{623BDAFB-DDE8-3994-8706-DFFE691B6156} = {623BDAFB-DDE8-3994-8706-DFFE691B6156}
		{C295DA5E-FA40-35FB-9797-069C583E4FFE} = {C295DA5E-FA40-35FB-9797-069C583E4FFE}
		{0CC4693D-B205-3279-901B-62863C1AA6B6} = {0CC4693D-B205-3279-901B-62863C1AA6B6}
		{6DC0B19A-E560-3115-BCD0-E8E9B0963B62} = {6DC0B19A-E560-3115-BCD0-E8E9B0963B62}
		{E97F1CE1-299D-36ED-BB47-F423E2462D1E} = {E97F1CE1-299D-36ED-BB47-F423E2462D1E}
		{F8D6B70D-C047-3BFD-A713-DC48F23828BE} = {F8D6B70D-C047-3BFD-A713-DC48F23828BE}
		{CEDA5300-DD34-37FB-8E2C-981785A2A213} = {CEDA5300-DD34-37FB-8E2C-981785A2A213}
		{E0E197FA-622E-3991-8C05-F924377E21C6} = {E0E197FA-622E-3991-8C05-F924377E21C6}
		{ED5D5493-E575-3AD9-967F-C6C15FB9646D} = {ED5D5493-E575-3AD9-967F-C6C15FB9646D}
		{4EF5BFF1-12F7-3250-B706-0E755A62BE45} = {4EF5BFF1-12F7-3250-B706-0E755A62BE45}
		{62EBF493-27F4-3AD0-8F5B-A2F2D70D867A} = {62EBF493-27F4-3AD0-8F5B-A2F2D70D867A}
		{5CA273CC-2301-3C01-BAD8-D0403539994B} = {5CA273CC-2301-3C01-BAD8-D0403539994B}
		{A95B4175-9338-372F-B58D-35C7EFA0685A} = {A95B4175-9338-372F-B58D-35C7EFA0685A}
		{1BF02681-1014-3FB6-929B-BC117B955B9E} = {1BF02681-1014-3FB6-929B-BC117B955B9E}
		{64D9AEE2-D13D-3BF2-B156-D7F8C70863C8} = {64D9AEE2-D13D-3BF2-B156-D7F8C70863C8}
		{E9072E41-48D7-3DC1-AC23-A567037E22DA} = {E9072E41-48D7-3DC1-AC23-A567037E22DA}
		{640120E7-B0A0-37DD-A6E5-A2F9EA00CA56} = {640120E7-B0A0-37DD-A6E5-A2F9EA00CA56}
		{B3B38AE1-E005-3013-8C15-BB815613F2C0} = {B3B38AE1-E005-3013-8C15-BB815613F2C0}
		{6703EC29-5DA4-3C03-9148-034E396EDA3B} = {6703EC29-5DA4-3C03-9148-034E396EDA3B}
		{65BC9205-8EE1-3EF3-A1EF-525A60E61954} = {65BC9205-8EE1-3EF3-A1EF-525A60E61954}
		{38A9345F-76DF-3E57-81EB-ADAAB3FB9507} = {38A9345F-76DF-3E57-81EB-ADAAB3FB9507}
		{33FBB404-50CE-3F43-82E7-969197450D99} = {33FBB404-50CE-3F43-82E7-969197450D99}
		{575DA95B-11E4-3465-A63B-C56E6973FA79} = {575DA95B-11E4-3465-A63B-C56E6973FA79}
		{5760FD8D-5E42-363A-982B-F75C8222087D} = {5760FD8D-5E42-363A-982B-F75C8222087D}
		{ADC1FB3B-A7CF-306D-832A-D2C9A7E0E9EE} = {ADC1FB3B-A7CF-306D-832A-D2C9A7E0E9EE}
		{06131638-2BE0-3441-8C40-70F783988EA4} = {06131638-2BE0-3441-8C40-70F783988EA4}
		{38A1339B-7126-3A51-8D85-17626A25F160} = {38A1339B-7126-3A51-8D85-17626A25F160}
		{3ABE5EF2-A2E5-330D-8DC6-5BEC16AB7645} = {3ABE5EF2-A2E5-330D-8DC6-5BEC16AB7645}
		{E5FC2A4F-01D7-3224-8D83-AF7E59947D22} = {E5FC2A4F-01D7-3224-8D83-AF7E59947D22}
		{FA24AF04-304B-37C4-9D6C-A35319402FDA} = {FA24AF04-304B-37C4-9D6C-A35319402FDA}
		{54AE80DB-DD7F-35E0-9C5F-CBF076C37FE7} = {54AE80DB-DD7F-35E0-9C5F-CBF076C37FE7}
		{BEC80381-B5FB-3FD4-AE60-AF87F2F1C32F} = {BEC80381-B5FB-3FD4-AE60-AF87F2F1C32F}
		{BE490AB1-B2A9-3B77-98B4-66F57DD1B461} = {BE490AB1-B2A9-3B77-98B4-66F57DD1B461}
		{C8A13893-C245-3414-B35D-1958623A4B9D} = {C8A13893-C245-3414-B35D-1958623A4B9D}
		{5AF36211-6669-3595-8E9B-0BC7CEE79D48} = {5AF36211-6669-3595-8E9B-0BC7CEE79D48}
		{C67535C0-E73C-3C7F-9CC2-5B5B1426E860} = {C67535C0-E73C-3C7F-9CC2-5B5B1426E860}
		{F18B07DE-08BB-3DDF-B2D8-04868723E540} = {F18B07DE-08BB-3DDF-B2D8-04868723E540}
		{FA4186CE-11BA-3C22-8EB7-14EAFC187839} = {FA4186CE-11BA-3C22-8EB7-14EAFC187839}
		{D00FE5FB-14F8-34F0-A224-E129538534A3} = {D00FE5FB-14F8-34F0-A224-E129538534A3}
		{D97F9BF9-4CFB-3A4E-9B5C-D02E30A91AA7} = {D97F9BF9-4CFB-3A4E-9B5C-D02E30A91AA7}
		{6043B08B-5AEF-33AA-B6FF-457B4F170AEF} = {6043B08B-5AEF-33AA-B6FF-457B4F170AEF}
		{03E68B0F-C269-3ADA-853A-EB09567D1C10} = {03E68B0F-C269-3ADA-853A-EB09567D1C10}
		{7A74AB2C-D879-3DCD-B5BC-F6F85619520F} = {7A74AB2C-D879-3DCD-B5BC-F6F85619520F}
		{8FA3F1BD-B72B-3192-927E-1EC458A85E77} = {8FA3F1BD-B72B-3192-927E-1EC458A85E77}
		{E45560A0-912F-323E-9163-8446B28AD834} = {E45560A0-912F-323E-9163-8446B28AD834}
		{599CC351-1B44-3ACC-ADBC-9439A5CDDAE3} = {599CC351-1B44-3ACC-ADBC-9439A5CDDAE3}
		{CC36E546-BB86-373B-ABB0-43D45B2ADD09} = {CC36E546-BB86-373B-ABB0-43D45B2ADD09}
		{EC3AB40C-C40F-3AD5-A60D-97F9CDAE88DD} = {EC3AB40C-C40F-3AD5-A60D-97F9CDAE88DD}
		{E84181B9-7C40-34AA-AEF1-2EA2536F30CD} = {E84181B9-7C40-34AA-AEF1-2EA2536F30CD}
		{79C5AA05-CF1A-3027-87F2-4E58DE0285E2} = {79C5AA05-CF1A-3027-87F2-4E58DE0285E2}
		{91C4A619-4B21-3634-8F2E-D0384462BDB2} = {91C4A619-4B21-3634-8F2E-D0384462BDB2}
	EndProjectSection
EndProject
Project("{8BC9CEB8-8B4A-11D0-8D11-00A0C91BC942}") = "01_HelloWorld", "Source\Samples\01_HelloWorld\01_HelloWorld.vcxproj", "{6AAE0AC7-9DB4-3900-939E-229D82945AC1}"
	ProjectSection(ProjectDependencies) = postProject
		{03E68B0F-C269-3ADA-853A-EB09567D1C10} = {03E68B0F-C269-3ADA-853A-EB09567D1C10}
		{E45560A0-912F-323E-9163-8446B28AD834} = {E45560A0-912F-323E-9163-8446B28AD834}
	EndProjectSection
EndProject
Project("{8BC9CEB8-8B4A-11D0-8D11-00A0C91BC942}") = "02_HelloGUI", "Source\Samples\02_HelloGUI\02_HelloGUI.vcxproj", "{DCB65A01-3B15-3F6C-A3FF-B09782F0F70E}"
	ProjectSection(ProjectDependencies) = postProject
		{03E68B0F-C269-3ADA-853A-EB09567D1C10} = {03E68B0F-C269-3ADA-853A-EB09567D1C10}
		{E45560A0-912F-323E-9163-8446B28AD834} = {E45560A0-912F-323E-9163-8446B28AD834}
	EndProjectSection
EndProject
Project("{8BC9CEB8-8B4A-11D0-8D11-00A0C91BC942}") = "03_Sprites", "Source\Samples\03_Sprites\03_Sprites.vcxproj", "{DC5C26D1-73C6-353C-9D9B-924A73CB988E}"
	ProjectSection(ProjectDependencies) = postProject
		{03E68B0F-C269-3ADA-853A-EB09567D1C10} = {03E68B0F-C269-3ADA-853A-EB09567D1C10}
		{E45560A0-912F-323E-9163-8446B28AD834} = {E45560A0-912F-323E-9163-8446B28AD834}
	EndProjectSection
EndProject
Project("{8BC9CEB8-8B4A-11D0-8D11-00A0C91BC942}") = "04_StaticScene", "Source\Samples\04_StaticScene\04_StaticScene.vcxproj", "{0CA9F7A0-6A28-3740-8350-B76318E58F64}"
	ProjectSection(ProjectDependencies) = postProject
		{03E68B0F-C269-3ADA-853A-EB09567D1C10} = {03E68B0F-C269-3ADA-853A-EB09567D1C10}
		{E45560A0-912F-323E-9163-8446B28AD834} = {E45560A0-912F-323E-9163-8446B28AD834}
	EndProjectSection
EndProject
Project("{8BC9CEB8-8B4A-11D0-8D11-00A0C91BC942}") = "05_AnimatingScene", "Source\Samples\05_AnimatingScene\05_AnimatingScene.vcxproj", "{9C03AF05-9E76-3F97-B0FB-4AB55214C59F}"
	ProjectSection(ProjectDependencies) = postProject
		{03E68B0F-C269-3ADA-853A-EB09567D1C10} = {03E68B0F-C269-3ADA-853A-EB09567D1C10}
		{E45560A0-912F-323E-9163-8446B28AD834} = {E45560A0-912F-323E-9163-8446B28AD834}
	EndProjectSection
EndProject
Project("{8BC9CEB8-8B4A-11D0-8D11-00A0C91BC942}") = "06_SkeletalAnimation", "Source\Samples\06_SkeletalAnimation\06_SkeletalAnimation.vcxproj", "{2D289DA1-B120-3A83-8F14-D92B26B85A71}"
	ProjectSection(ProjectDependencies) = postProject
		{03E68B0F-C269-3ADA-853A-EB09567D1C10} = {03E68B0F-C269-3ADA-853A-EB09567D1C10}
		{E45560A0-912F-323E-9163-8446B28AD834} = {E45560A0-912F-323E-9163-8446B28AD834}
	EndProjectSection
EndProject
Project("{8BC9CEB8-8B4A-11D0-8D11-00A0C91BC942}") = "07_Billboards", "Source\Samples\07_Billboards\07_Billboards.vcxproj", "{55BBA167-14F3-37B2-A0B0-5A2276FA3A65}"
	ProjectSection(ProjectDependencies) = postProject
		{03E68B0F-C269-3ADA-853A-EB09567D1C10} = {03E68B0F-C269-3ADA-853A-EB09567D1C10}
		{E45560A0-912F-323E-9163-8446B28AD834} = {E45560A0-912F-323E-9163-8446B28AD834}
	EndProjectSection
EndProject
Project("{8BC9CEB8-8B4A-11D0-8D11-00A0C91BC942}") = "08_Decals", "Source\Samples\08_Decals\08_Decals.vcxproj", "{4F811827-8050-3EC0-A07B-9EDFDACD9444}"
	ProjectSection(ProjectDependencies) = postProject
		{03E68B0F-C269-3ADA-853A-EB09567D1C10} = {03E68B0F-C269-3ADA-853A-EB09567D1C10}
		{E45560A0-912F-323E-9163-8446B28AD834} = {E45560A0-912F-323E-9163-8446B28AD834}
	EndProjectSection
EndProject
Project("{8BC9CEB8-8B4A-11D0-8D11-00A0C91BC942}") = "09_MultipleViewports", "Source\Samples\09_MultipleViewports\09_MultipleViewports.vcxproj", "{0C831E25-CE82-3760-BFDC-222E519F4AB2}"
	ProjectSection(ProjectDependencies) = postProject
		{03E68B0F-C269-3ADA-853A-EB09567D1C10} = {03E68B0F-C269-3ADA-853A-EB09567D1C10}
		{E45560A0-912F-323E-9163-8446B28AD834} = {E45560A0-912F-323E-9163-8446B28AD834}
	EndProjectSection
EndProject
Project("{8BC9CEB8-8B4A-11D0-8D11-00A0C91BC942}") = "10_RenderToTexture", "Source\Samples\10_RenderToTexture\10_RenderToTexture.vcxproj", "{31BA6917-81F6-31FE-99B9-06150F69B970}"
	ProjectSection(ProjectDependencies) = postProject
		{03E68B0F-C269-3ADA-853A-EB09567D1C10} = {03E68B0F-C269-3ADA-853A-EB09567D1C10}
		{E45560A0-912F-323E-9163-8446B28AD834} = {E45560A0-912F-323E-9163-8446B28AD834}
	EndProjectSection
EndProject
Project("{8BC9CEB8-8B4A-11D0-8D11-00A0C91BC942}") = "11_Physics", "Source\Samples\11_Physics\11_Physics.vcxproj", "{9F62AEA8-8115-3588-9C6E-68C1961DE18E}"
	ProjectSection(ProjectDependencies) = postProject
		{03E68B0F-C269-3ADA-853A-EB09567D1C10} = {03E68B0F-C269-3ADA-853A-EB09567D1C10}
		{E45560A0-912F-323E-9163-8446B28AD834} = {E45560A0-912F-323E-9163-8446B28AD834}
	EndProjectSection
EndProject
Project("{8BC9CEB8-8B4A-11D0-8D11-00A0C91BC942}") = "12_PhysicsStressTest", "Source\Samples\12_PhysicsStressTest\12_PhysicsStressTest.vcxproj", "{6E9D3468-2F09-3EC3-9423-10343335D2E1}"
	ProjectSection(ProjectDependencies) = postProject
		{03E68B0F-C269-3ADA-853A-EB09567D1C10} = {03E68B0F-C269-3ADA-853A-EB09567D1C10}
		{E45560A0-912F-323E-9163-8446B28AD834} = {E45560A0-912F-323E-9163-8446B28AD834}
	EndProjectSection
EndProject
Project("{8BC9CEB8-8B4A-11D0-8D11-00A0C91BC942}") = "13_Ragdolls", "Source\Samples\13_Ragdolls\13_Ragdolls.vcxproj", "{CF245A38-51C0-338E-9C65-02E668161D78}"
	ProjectSection(ProjectDependencies) = postProject
		{03E68B0F-C269-3ADA-853A-EB09567D1C10} = {03E68B0F-C269-3ADA-853A-EB09567D1C10}
		{E45560A0-912F-323E-9163-8446B28AD834} = {E45560A0-912F-323E-9163-8446B28AD834}
	EndProjectSection
EndProject
Project("{8BC9CEB8-8B4A-11D0-8D11-00A0C91BC942}") = "14_SoundEffects", "Source\Samples\14_SoundEffects\14_SoundEffects.vcxproj", "{D3125EC5-FC4C-3FDB-8D0A-C285B586AE8E}"
	ProjectSection(ProjectDependencies) = postProject
		{03E68B0F-C269-3ADA-853A-EB09567D1C10} = {03E68B0F-C269-3ADA-853A-EB09567D1C10}
		{E45560A0-912F-323E-9163-8446B28AD834} = {E45560A0-912F-323E-9163-8446B28AD834}
	EndProjectSection
EndProject
Project("{8BC9CEB8-8B4A-11D0-8D11-00A0C91BC942}") = "15_Navigation", "Source\Samples\15_Navigation\15_Navigation.vcxproj", "{5D7447D5-9C27-35EB-8C28-630BA64D2D0E}"
	ProjectSection(ProjectDependencies) = postProject
		{03E68B0F-C269-3ADA-853A-EB09567D1C10} = {03E68B0F-C269-3ADA-853A-EB09567D1C10}
		{E45560A0-912F-323E-9163-8446B28AD834} = {E45560A0-912F-323E-9163-8446B28AD834}
	EndProjectSection
EndProject
Project("{8BC9CEB8-8B4A-11D0-8D11-00A0C91BC942}") = "16_Chat", "Source\Samples\16_Chat\16_Chat.vcxproj", "{44B4F27E-6D69-34BE-8B52-C70976C29820}"
	ProjectSection(ProjectDependencies) = postProject
		{03E68B0F-C269-3ADA-853A-EB09567D1C10} = {03E68B0F-C269-3ADA-853A-EB09567D1C10}
		{E45560A0-912F-323E-9163-8446B28AD834} = {E45560A0-912F-323E-9163-8446B28AD834}
	EndProjectSection
EndProject
Project("{8BC9CEB8-8B4A-11D0-8D11-00A0C91BC942}") = "17_SceneReplication", "Source\Samples\17_SceneReplication\17_SceneReplication.vcxproj", "{3DC25442-4331-35CF-971B-54EF9D459B63}"
	ProjectSection(ProjectDependencies) = postProject
		{03E68B0F-C269-3ADA-853A-EB09567D1C10} = {03E68B0F-C269-3ADA-853A-EB09567D1C10}
		{E45560A0-912F-323E-9163-8446B28AD834} = {E45560A0-912F-323E-9163-8446B28AD834}
	EndProjectSection
EndProject
Project("{8BC9CEB8-8B4A-11D0-8D11-00A0C91BC942}") = "18_CharacterDemo", "Source\Samples\18_CharacterDemo\18_CharacterDemo.vcxproj", "{12462A78-B679-345E-A647-CE94F15D58FC}"
	ProjectSection(ProjectDependencies) = postProject
		{03E68B0F-C269-3ADA-853A-EB09567D1C10} = {03E68B0F-C269-3ADA-853A-EB09567D1C10}
		{E45560A0-912F-323E-9163-8446B28AD834} = {E45560A0-912F-323E-9163-8446B28AD834}
	EndProjectSection
EndProject
Project("{8BC9CEB8-8B4A-11D0-8D11-00A0C91BC942}") = "19_VehicleDemo", "Source\Samples\19_VehicleDemo\19_VehicleDemo.vcxproj", "{70D464A0-D345-36A2-802E-2FA526A9735C}"
	ProjectSection(ProjectDependencies) = postProject
		{03E68B0F-C269-3ADA-853A-EB09567D1C10} = {03E68B0F-C269-3ADA-853A-EB09567D1C10}
		{E45560A0-912F-323E-9163-8446B28AD834} = {E45560A0-912F-323E-9163-8446B28AD834}
	EndProjectSection
EndProject
Project("{8BC9CEB8-8B4A-11D0-8D11-00A0C91BC942}") = "20_HugeObjectCount", "Source\Samples\20_HugeObjectCount\20_HugeObjectCount.vcxproj", "{9E66CF67-CF5F-3661-9C5D-3F815A2BF7C4}"
	ProjectSection(ProjectDependencies) = postProject
		{03E68B0F-C269-3ADA-853A-EB09567D1C10} = {03E68B0F-C269-3ADA-853A-EB09567D1C10}
		{E45560A0-912F-323E-9163-8446B28AD834} = {E45560A0-912F-323E-9163-8446B28AD834}
	EndProjectSection
EndProject
Project("{8BC9CEB8-8B4A-11D0-8D11-00A0C91BC942}") = "21_AngelScriptIntegration", "Source\Samples\21_AngelScriptIntegration\21_AngelScriptIntegration.vcxproj", "{28EBFED7-225C-3898-AE47-C43372174AA2}"
	ProjectSection(ProjectDependencies) = postProject
		{03E68B0F-C269-3ADA-853A-EB09567D1C10} = {03E68B0F-C269-3ADA-853A-EB09567D1C10}
		{E45560A0-912F-323E-9163-8446B28AD834} = {E45560A0-912F-323E-9163-8446B28AD834}
	EndProjectSection
EndProject
Project("{8BC9CEB8-8B4A-11D0-8D11-00A0C91BC942}") = "22_LuaIntegration", "Source\Samples\22_LuaIntegration\22_LuaIntegration.vcxproj", "{9F4AD0B0-52F3-379D-994A-AC9578A6E5F6}"
	ProjectSection(ProjectDependencies) = postProject
		{03E68B0F-C269-3ADA-853A-EB09567D1C10} = {03E68B0F-C269-3ADA-853A-EB09567D1C10}
		{E45560A0-912F-323E-9163-8446B28AD834} = {E45560A0-912F-323E-9163-8446B28AD834}
	EndProjectSection
EndProject
Project("{8BC9CEB8-8B4A-11D0-8D11-00A0C91BC942}") = "23_Water", "Source\Samples\23_Water\23_Water.vcxproj", "{94E7A0D1-EEE9-3B52-9890-936E153E486B}"
	ProjectSection(ProjectDependencies) = postProject
		{03E68B0F-C269-3ADA-853A-EB09567D1C10} = {03E68B0F-C269-3ADA-853A-EB09567D1C10}
		{E45560A0-912F-323E-9163-8446B28AD834} = {E45560A0-912F-323E-9163-8446B28AD834}
	EndProjectSection
EndProject
Project("{8BC9CEB8-8B4A-11D0-8D11-00A0C91BC942}") = "24_Urho2DSprite", "Source\Samples\24_Urho2DSprite\24_Urho2DSprite.vcxproj", "{2F7068C3-B538-3379-B4B6-F46D2B515824}"
	ProjectSection(ProjectDependencies) = postProject
		{03E68B0F-C269-3ADA-853A-EB09567D1C10} = {03E68B0F-C269-3ADA-853A-EB09567D1C10}
		{E45560A0-912F-323E-9163-8446B28AD834} = {E45560A0-912F-323E-9163-8446B28AD834}
	EndProjectSection
EndProject
Project("{8BC9CEB8-8B4A-11D0-8D11-00A0C91BC942}") = "25_Urho2DParticle", "Source\Samples\25_Urho2DParticle\25_Urho2DParticle.vcxproj", "{2CFB7A55-3961-3251-854A-DE937BE8B7CE}"
	ProjectSection(ProjectDependencies) = postProject
		{03E68B0F-C269-3ADA-853A-EB09567D1C10} = {03E68B0F-C269-3ADA-853A-EB09567D1C10}
		{E45560A0-912F-323E-9163-8446B28AD834} = {E45560A0-912F-323E-9163-8446B28AD834}
	EndProjectSection
EndProject
Project("{8BC9CEB8-8B4A-11D0-8D11-00A0C91BC942}") = "26_ConsoleInput", "Source\Samples\26_ConsoleInput\26_ConsoleInput.vcxproj", "{0F2667F9-11DA-3A49-8B12-AC055D51FAE1}"
	ProjectSection(ProjectDependencies) = postProject
		{03E68B0F-C269-3ADA-853A-EB09567D1C10} = {03E68B0F-C269-3ADA-853A-EB09567D1C10}
		{E45560A0-912F-323E-9163-8446B28AD834} = {E45560A0-912F-323E-9163-8446B28AD834}
	EndProjectSection
EndProject
Project("{8BC9CEB8-8B4A-11D0-8D11-00A0C91BC942}") = "27_Urho2DPhysics", "Source\Samples\27_Urho2DPhysics\27_Urho2DPhysics.vcxproj", "{3DDDD272-F77E-35E4-B8B6-0DB310B4BE2E}"
	ProjectSection(ProjectDependencies) = postProject
		{03E68B0F-C269-3ADA-853A-EB09567D1C10} = {03E68B0F-C269-3ADA-853A-EB09567D1C10}
		{E45560A0-912F-323E-9163-8446B28AD834} = {E45560A0-912F-323E-9163-8446B28AD834}
	EndProjectSection
EndProject
Project("{8BC9CEB8-8B4A-11D0-8D11-00A0C91BC942}") = "28_Urho2DPhysicsRope", "Source\Samples\28_Urho2DPhysicsRope\28_Urho2DPhysicsRope.vcxproj", "{D44B9E13-6268-37B6-BDEB-31C8B4644379}"
	ProjectSection(ProjectDependencies) = postProject
		{03E68B0F-C269-3ADA-853A-EB09567D1C10} = {03E68B0F-C269-3ADA-853A-EB09567D1C10}
		{E45560A0-912F-323E-9163-8446B28AD834} = {E45560A0-912F-323E-9163-8446B28AD834}
	EndProjectSection
EndProject
Project("{8BC9CEB8-8B4A-11D0-8D11-00A0C91BC942}") = "29_SoundSynthesis", "Source\Samples\29_SoundSynthesis\29_SoundSynthesis.vcxproj", "{40937C48-270C-3114-98A6-100F2B966B60}"
	ProjectSection(ProjectDependencies) = postProject
		{03E68B0F-C269-3ADA-853A-EB09567D1C10} = {03E68B0F-C269-3ADA-853A-EB09567D1C10}
		{E45560A0-912F-323E-9163-8446B28AD834} = {E45560A0-912F-323E-9163-8446B28AD834}
	EndProjectSection
EndProject
Project("{8BC9CEB8-8B4A-11D0-8D11-00A0C91BC942}") = "30_LightAnimation", "Source\Samples\30_LightAnimation\30_LightAnimation.vcxproj", "{B85EB071-A54F-389B-B88A-08AECC193F2B}"
	ProjectSection(ProjectDependencies) = postProject
		{03E68B0F-C269-3ADA-853A-EB09567D1C10} = {03E68B0F-C269-3ADA-853A-EB09567D1C10}
		{E45560A0-912F-323E-9163-8446B28AD834} = {E45560A0-912F-323E-9163-8446B28AD834}
	EndProjectSection
EndProject
Project("{8BC9CEB8-8B4A-11D0-8D11-00A0C91BC942}") = "31_MaterialAnimation", "Source\Samples\31_MaterialAnimation\31_MaterialAnimation.vcxproj", "{E3E9890D-9D48-32C2-AC7E-D66B03AC78E4}"
	ProjectSection(ProjectDependencies) = postProject
		{03E68B0F-C269-3ADA-853A-EB09567D1C10} = {03E68B0F-C269-3ADA-853A-EB09567D1C10}
		{E45560A0-912F-323E-9163-8446B28AD834} = {E45560A0-912F-323E-9163-8446B28AD834}
	EndProjectSection
EndProject
Project("{8BC9CEB8-8B4A-11D0-8D11-00A0C91BC942}") = "32_Urho2DConstraints", "Source\Samples\32_Urho2DConstraints\32_Urho2DConstraints.vcxproj", "{C91C70C4-C3A7-3082-A7AC-7B55C8F368E1}"
	ProjectSection(ProjectDependencies) = postProject
		{03E68B0F-C269-3ADA-853A-EB09567D1C10} = {03E68B0F-C269-3ADA-853A-EB09567D1C10}
		{E45560A0-912F-323E-9163-8446B28AD834} = {E45560A0-912F-323E-9163-8446B28AD834}
	EndProjectSection
EndProject
Project("{8BC9CEB8-8B4A-11D0-8D11-00A0C91BC942}") = "33_Urho2DSpriterAnimation", "Source\Samples\33_Urho2DSpriterAnimation\33_Urho2DSpriterAnimation.vcxproj", "{585DB382-0710-388F-A5F0-A63BE10B3136}"
	ProjectSection(ProjectDependencies) = postProject
		{03E68B0F-C269-3ADA-853A-EB09567D1C10} = {03E68B0F-C269-3ADA-853A-EB09567D1C10}
		{E45560A0-912F-323E-9163-8446B28AD834} = {E45560A0-912F-323E-9163-8446B28AD834}
	EndProjectSection
EndProject
Project("{8BC9CEB8-8B4A-11D0-8D11-00A0C91BC942}") = "34_DynamicGeometry", "Source\Samples\34_DynamicGeometry\34_DynamicGeometry.vcxproj", "{05226A01-62EC-34C8-836D-6E425D0AA942}"
	ProjectSection(ProjectDependencies) = postProject
		{03E68B0F-C269-3ADA-853A-EB09567D1C10} = {03E68B0F-C269-3ADA-853A-EB09567D1C10}
		{E45560A0-912F-323E-9163-8446B28AD834} = {E45560A0-912F-323E-9163-8446B28AD834}
	EndProjectSection
EndProject
Project("{8BC9CEB8-8B4A-11D0-8D11-00A0C91BC942}") = "35_SignedDistanceFieldText", "Source\Samples\35_SignedDistanceFieldText\35_SignedDistanceFieldText.vcxproj", "{09F421AF-B45C-3D89-818A-9361D2F75D4A}"
	ProjectSection(ProjectDependencies) = postProject
		{03E68B0F-C269-3ADA-853A-EB09567D1C10} = {03E68B0F-C269-3ADA-853A-EB09567D1C10}
		{E45560A0-912F-323E-9163-8446B28AD834} = {E45560A0-912F-323E-9163-8446B28AD834}
	EndProjectSection
EndProject
Project("{8BC9CEB8-8B4A-11D0-8D11-00A0C91BC942}") = "36_Urho2DTileMap", "Source\Samples\36_Urho2DTileMap\36_Urho2DTileMap.vcxproj", "{FACD0AF5-F324-380E-8091-4E42106309FF}"
	ProjectSection(ProjectDependencies) = postProject
		{03E68B0F-C269-3ADA-853A-EB09567D1C10} = {03E68B0F-C269-3ADA-853A-EB09567D1C10}
		{E45560A0-912F-323E-9163-8446B28AD834} = {E45560A0-912F-323E-9163-8446B28AD834}
	EndProjectSection
EndProject
Project("{8BC9CEB8-8B4A-11D0-8D11-00A0C91BC942}") = "37_UIDrag", "Source\Samples\37_UIDrag\37_UIDrag.vcxproj", "{519423B7-B0D1-3088-88C8-E1B8CEF02244}"
	ProjectSection(ProjectDependencies) = postProject
		{03E68B0F-C269-3ADA-853A-EB09567D1C10} = {03E68B0F-C269-3ADA-853A-EB09567D1C10}
		{E45560A0-912F-323E-9163-8446B28AD834} = {E45560A0-912F-323E-9163-8446B28AD834}
	EndProjectSection
EndProject
Project("{8BC9CEB8-8B4A-11D0-8D11-00A0C91BC942}") = "38_SceneAndUILoad", "Source\Samples\38_SceneAndUILoad\38_SceneAndUILoad.vcxproj", "{623BDAFB-DDE8-3994-8706-DFFE691B6156}"
	ProjectSection(ProjectDependencies) = postProject
		{03E68B0F-C269-3ADA-853A-EB09567D1C10} = {03E68B0F-C269-3ADA-853A-EB09567D1C10}
		{E45560A0-912F-323E-9163-8446B28AD834} = {E45560A0-912F-323E-9163-8446B28AD834}
	EndProjectSection
EndProject
Project("{8BC9CEB8-8B4A-11D0-8D11-00A0C91BC942}") = "39_CrowdNavigation", "Source\Samples\39_CrowdNavigation\39_CrowdNavigation.vcxproj", "{C295DA5E-FA40-35FB-9797-069C583E4FFE}"
	ProjectSection(ProjectDependencies) = postProject
		{03E68B0F-C269-3ADA-853A-EB09567D1C10} = {03E68B0F-C269-3ADA-853A-EB09567D1C10}
		{E45560A0-912F-323E-9163-8446B28AD834} = {E45560A0-912F-323E-9163-8446B28AD834}
	EndProjectSection
EndProject
Project("{8BC9CEB8-8B4A-11D0-8D11-00A0C91BC942}") = "40_Localization", "Source\Samples\40_Localization\40_Localization.vcxproj", "{0CC4693D-B205-3279-901B-62863C1AA6B6}"
	ProjectSection(ProjectDependencies) = postProject
		{03E68B0F-C269-3ADA-853A-EB09567D1C10} = {03E68B0F-C269-3ADA-853A-EB09567D1C10}
		{E45560A0-912F-323E-9163-8446B28AD834} = {E45560A0-912F-323E-9163-8446B28AD834}
	EndProjectSection
EndProject
Project("{8BC9CEB8-8B4A-11D0-8D11-00A0C91BC942}") = "42_PBRMaterials", "Source\Samples\42_PBRMaterials\42_PBRMaterials.vcxproj", "{6DC0B19A-E560-3115-BCD0-E8E9B0963B62}"
	ProjectSection(ProjectDependencies) = postProject
		{03E68B0F-C269-3ADA-853A-EB09567D1C10} = {03E68B0F-C269-3ADA-853A-EB09567D1C10}
		{E45560A0-912F-323E-9163-8446B28AD834} = {E45560A0-912F-323E-9163-8446B28AD834}
	EndProjectSection
EndProject
Project("{8BC9CEB8-8B4A-11D0-8D11-00A0C91BC942}") = "43_HttpRequestDemo", "Source\Samples\43_HttpRequestDemo\43_HttpRequestDemo.vcxproj", "{E97F1CE1-299D-36ED-BB47-F423E2462D1E}"
	ProjectSection(ProjectDependencies) = postProject
		{03E68B0F-C269-3ADA-853A-EB09567D1C10} = {03E68B0F-C269-3ADA-853A-EB09567D1C10}
		{E45560A0-912F-323E-9163-8446B28AD834} = {E45560A0-912F-323E-9163-8446B28AD834}
	EndProjectSection
EndProject
Project("{8BC9CEB8-8B4A-11D0-8D11-00A0C91BC942}") = "44_RibbonTrailDemo", "Source\Samples\44_RibbonTrailDemo\44_RibbonTrailDemo.vcxproj", "{F8D6B70D-C047-3BFD-A713-DC48F23828BE}"
	ProjectSection(ProjectDependencies) = postProject
		{03E68B0F-C269-3ADA-853A-EB09567D1C10} = {03E68B0F-C269-3ADA-853A-EB09567D1C10}
		{E45560A0-912F-323E-9163-8446B28AD834} = {E45560A0-912F-323E-9163-8446B28AD834}
	EndProjectSection
EndProject
Project("{8BC9CEB8-8B4A-11D0-8D11-00A0C91BC942}") = "45_InverseKinematics", "Source\Samples\45_InverseKinematics\45_InverseKinematics.vcxproj", "{CEDA5300-DD34-37FB-8E2C-981785A2A213}"
	ProjectSection(ProjectDependencies) = postProject
		{03E68B0F-C269-3ADA-853A-EB09567D1C10} = {03E68B0F-C269-3ADA-853A-EB09567D1C10}
		{E45560A0-912F-323E-9163-8446B28AD834} = {E45560A0-912F-323E-9163-8446B28AD834}
	EndProjectSection
EndProject
Project("{8BC9CEB8-8B4A-11D0-8D11-00A0C91BC942}") = "46_RaycastVehicle", "Source\Samples\46_RaycastVehicle\46_RaycastVehicle.vcxproj", "{E0E197FA-622E-3991-8C05-F924377E21C6}"
	ProjectSection(ProjectDependencies) = postProject
		{03E68B0F-C269-3ADA-853A-EB09567D1C10} = {03E68B0F-C269-3ADA-853A-EB09567D1C10}
		{E45560A0-912F-323E-9163-8446B28AD834} = {E45560A0-912F-323E-9163-8446B28AD834}
	EndProjectSection
EndProject
Project("{8BC9CEB8-8B4A-11D0-8D11-00A0C91BC942}") = "47_Typography", "Source\Samples\47_Typography\47_Typography.vcxproj", "{ED5D5493-E575-3AD9-967F-C6C15FB9646D}"
	ProjectSection(ProjectDependencies) = postProject
		{03E68B0F-C269-3ADA-853A-EB09567D1C10} = {03E68B0F-C269-3ADA-853A-EB09567D1C10}
		{E45560A0-912F-323E-9163-8446B28AD834} = {E45560A0-912F-323E-9163-8446B28AD834}
	EndProjectSection
EndProject
Project("{8BC9CEB8-8B4A-11D0-8D11-00A0C91BC942}") = "48_Hello3DUI", "Source\Samples\48_Hello3DUI\48_Hello3DUI.vcxproj", "{4EF5BFF1-12F7-3250-B706-0E755A62BE45}"
	ProjectSection(ProjectDependencies) = postProject
		{03E68B0F-C269-3ADA-853A-EB09567D1C10} = {03E68B0F-C269-3ADA-853A-EB09567D1C10}
		{E45560A0-912F-323E-9163-8446B28AD834} = {E45560A0-912F-323E-9163-8446B28AD834}
	EndProjectSection
EndProject
Project("{8BC9CEB8-8B4A-11D0-8D11-00A0C91BC942}") = "49_Urho2DIsometricDemo", "Source\Samples\49_Urho2DIsometricDemo\49_Urho2DIsometricDemo.vcxproj", "{62EBF493-27F4-3AD0-8F5B-A2F2D70D867A}"
	ProjectSection(ProjectDependencies) = postProject
		{03E68B0F-C269-3ADA-853A-EB09567D1C10} = {03E68B0F-C269-3ADA-853A-EB09567D1C10}
		{E45560A0-912F-323E-9163-8446B28AD834} = {E45560A0-912F-323E-9163-8446B28AD834}
	EndProjectSection
EndProject
Project("{8BC9CEB8-8B4A-11D0-8D11-00A0C91BC942}") = "50_Urho2DPlatformer", "Source\Samples\50_Urho2DPlatformer\50_Urho2DPlatformer.vcxproj", "{5CA273CC-2301-3C01-BAD8-D0403539994B}"
	ProjectSection(ProjectDependencies) = postProject
		{03E68B0F-C269-3ADA-853A-EB09567D1C10} = {03E68B0F-C269-3ADA-853A-EB09567D1C10}
		{E45560A0-912F-323E-9163-8446B28AD834} = {E45560A0-912F-323E-9163-8446B28AD834}
	EndProjectSection
EndProject
Project("{8BC9CEB8-8B4A-11D0-8D11-00A0C91BC942}") = "51_Urho2DStretchableSprite", "Source\Samples\51_Urho2DStretchableSprite\51_Urho2DStretchableSprite.vcxproj", "{A95B4175-9338-372F-B58D-35C7EFA0685A}"
	ProjectSection(ProjectDependencies) = postProject
		{03E68B0F-C269-3ADA-853A-EB09567D1C10} = {03E68B0F-C269-3ADA-853A-EB09567D1C10}
		{E45560A0-912F-323E-9163-8446B28AD834} = {E45560A0-912F-323E-9163-8446B28AD834}
	EndProjectSection
EndProject
Project("{8BC9CEB8-8B4A-11D0-8D11-00A0C91BC942}") = "52_NATPunchtrough", "Source\Samples\52_NATPunchtrough\52_NATPunchtrough.vcxproj", "{1BF02681-1014-3FB6-929B-BC117B955B9E}"
	ProjectSection(ProjectDependencies) = postProject
		{03E68B0F-C269-3ADA-853A-EB09567D1C10} = {03E68B0F-C269-3ADA-853A-EB09567D1C10}
		{E45560A0-912F-323E-9163-8446B28AD834} = {E45560A0-912F-323E-9163-8446B28AD834}
	EndProjectSection
EndProject
Project("{8BC9CEB8-8B4A-11D0-8D11-00A0C91BC942}") = "53_LANDiscovery", "Source\Samples\53_LANDiscovery\53_LANDiscovery.vcxproj", "{64D9AEE2-D13D-3BF2-B156-D7F8C70863C8}"
	ProjectSection(ProjectDependencies) = postProject
		{03E68B0F-C269-3ADA-853A-EB09567D1C10} = {03E68B0F-C269-3ADA-853A-EB09567D1C10}
		{E45560A0-912F-323E-9163-8446B28AD834} = {E45560A0-912F-323E-9163-8446B28AD834}
	EndProjectSection
EndProject
Project("{8BC9CEB8-8B4A-11D0-8D11-00A0C91BC942}") = "54_WindowSettingsDemo", "Source\Samples\54_WindowSettingsDemo\54_WindowSettingsDemo.vcxproj", "{E9072E41-48D7-3DC1-AC23-A567037E22DA}"
	ProjectSection(ProjectDependencies) = postProject
		{03E68B0F-C269-3ADA-853A-EB09567D1C10} = {03E68B0F-C269-3ADA-853A-EB09567D1C10}
		{E45560A0-912F-323E-9163-8446B28AD834} = {E45560A0-912F-323E-9163-8446B28AD834}
	EndProjectSection
EndProject
Project("{8BC9CEB8-8B4A-11D0-8D11-00A0C91BC942}") = "AngelScript", "Source\ThirdParty\AngelScript\AngelScript.vcxproj", "{640120E7-B0A0-37DD-A6E5-A2F9EA00CA56}"
	ProjectSection(ProjectDependencies) = postProject
		{E45560A0-912F-323E-9163-8446B28AD834} = {E45560A0-912F-323E-9163-8446B28AD834}
	EndProjectSection
EndProject
Project("{8BC9CEB8-8B4A-11D0-8D11-00A0C91BC942}") = "AssetImporter", "Source\Tools\AssetImporter\AssetImporter.vcxproj", "{B3B38AE1-E005-3013-8C15-BB815613F2C0}"
	ProjectSection(ProjectDependencies) = postProject
		{6703EC29-5DA4-3C03-9148-034E396EDA3B} = {6703EC29-5DA4-3C03-9148-034E396EDA3B}
		{03E68B0F-C269-3ADA-853A-EB09567D1C10} = {03E68B0F-C269-3ADA-853A-EB09567D1C10}
		{E45560A0-912F-323E-9163-8446B28AD834} = {E45560A0-912F-323E-9163-8446B28AD834}
	EndProjectSection
EndProject
Project("{8BC9CEB8-8B4A-11D0-8D11-00A0C91BC942}") = "Assimp", "Source\ThirdParty\Assimp\code\Assimp.vcxproj", "{6703EC29-5DA4-3C03-9148-034E396EDA3B}"
	ProjectSection(ProjectDependencies) = postProject
		{03E68B0F-C269-3ADA-853A-EB09567D1C10} = {03E68B0F-C269-3ADA-853A-EB09567D1C10}
		{E45560A0-912F-323E-9163-8446B28AD834} = {E45560A0-912F-323E-9163-8446B28AD834}
	EndProjectSection
EndProject
Project("{8BC9CEB8-8B4A-11D0-8D11-00A0C91BC942}") = "Box2D", "Source\ThirdParty\Box2D\Box2D.vcxproj", "{65BC9205-8EE1-3EF3-A1EF-525A60E61954}"
	ProjectSection(ProjectDependencies) = postProject
		{E45560A0-912F-323E-9163-8446B28AD834} = {E45560A0-912F-323E-9163-8446B28AD834}
	EndProjectSection
EndProject
Project("{8BC9CEB8-8B4A-11D0-8D11-00A0C91BC942}") = "Bullet", "Source\ThirdParty\Bullet\Bullet.vcxproj", "{38A9345F-76DF-3E57-81EB-ADAAB3FB9507}"
	ProjectSection(ProjectDependencies) = postProject
		{E45560A0-912F-323E-9163-8446B28AD834} = {E45560A0-912F-323E-9163-8446B28AD834}
	EndProjectSection
EndProject
Project("{8BC9CEB8-8B4A-11D0-8D11-00A0C91BC942}") = "Civetweb", "Source\ThirdParty\Civetweb\Civetweb.vcxproj", "{33FBB404-50CE-3F43-82E7-969197450D99}"
	ProjectSection(ProjectDependencies) = postProject
		{E45560A0-912F-323E-9163-8446B28AD834} = {E45560A0-912F-323E-9163-8446B28AD834}
	EndProjectSection
EndProject
Project("{8BC9CEB8-8B4A-11D0-8D11-00A0C91BC942}") = "Detour", "Source\ThirdParty\Detour\Detour.vcxproj", "{575DA95B-11E4-3465-A63B-C56E6973FA79}"
	ProjectSection(ProjectDependencies) = postProject
		{E45560A0-912F-323E-9163-8446B28AD834} = {E45560A0-912F-323E-9163-8446B28AD834}
	EndProjectSection
EndProject
Project("{8BC9CEB8-8B4A-11D0-8D11-00A0C91BC942}") = "DetourCrowd", "Source\ThirdParty\DetourCrowd\DetourCrowd.vcxproj", "{5760FD8D-5E42-363A-982B-F75C8222087D}"
	ProjectSection(ProjectDependencies) = postProject
		{E45560A0-912F-323E-9163-8446B28AD834} = {E45560A0-912F-323E-9163-8446B28AD834}
	EndProjectSection
EndProject
Project("{8BC9CEB8-8B4A-11D0-8D11-00A0C91BC942}") = "DetourTileCache", "Source\ThirdParty\DetourTileCache\DetourTileCache.vcxproj", "{ADC1FB3B-A7CF-306D-832A-D2C9A7E0E9EE}"
	ProjectSection(ProjectDependencies) = postProject
		{E45560A0-912F-323E-9163-8446B28AD834} = {E45560A0-912F-323E-9163-8446B28AD834}
	EndProjectSection
EndProject
Project("{8BC9CEB8-8B4A-11D0-8D11-00A0C91BC942}") = "ETCPACK", "Source\ThirdParty\ETCPACK\ETCPACK.vcxproj", "{06131638-2BE0-3441-8C40-70F783988EA4}"
	ProjectSection(ProjectDependencies) = postProject
		{E45560A0-912F-323E-9163-8446B28AD834} = {E45560A0-912F-323E-9163-8446B28AD834}
	EndProjectSection
EndProject
Project("{8BC9CEB8-8B4A-11D0-8D11-00A0C91BC942}") = "FreeType", "Source\ThirdParty\FreeType\FreeType.vcxproj", "{38A1339B-7126-3A51-8D85-17626A25F160}"
	ProjectSection(ProjectDependencies) = postProject
		{E45560A0-912F-323E-9163-8446B28AD834} = {E45560A0-912F-323E-9163-8446B28AD834}
	EndProjectSection
EndProject
Project("{8BC9CEB8-8B4A-11D0-8D11-00A0C91BC942}") = "INSTALL", "INSTALL.vcxproj", "{FAF8395E-DAC2-3D92-9304-3466CD9A4B6D}"
	ProjectSection(ProjectDependencies) = postProject
		{909CD789-989D-3A30-A243-D03850C02DD9} = {909CD789-989D-3A30-A243-D03850C02DD9}
		{E45560A0-912F-323E-9163-8446B28AD834} = {E45560A0-912F-323E-9163-8446B28AD834}
	EndProjectSection
EndProject
Project("{8BC9CEB8-8B4A-11D0-8D11-00A0C91BC942}") = "LZ4", "Source\ThirdParty\LZ4\LZ4.vcxproj", "{3ABE5EF2-A2E5-330D-8DC6-5BEC16AB7645}"
	ProjectSection(ProjectDependencies) = postProject
		{E45560A0-912F-323E-9163-8446B28AD834} = {E45560A0-912F-323E-9163-8446B28AD834}
	EndProjectSection
EndProject
Project("{8BC9CEB8-8B4A-11D0-8D11-00A0C91BC942}") = "LibCpuId", "Source\ThirdParty\LibCpuId\LibCpuId.vcxproj", "{E5FC2A4F-01D7-3224-8D83-AF7E59947D22}"
	ProjectSection(ProjectDependencies) = postProject
		{E45560A0-912F-323E-9163-8446B28AD834} = {E45560A0-912F-323E-9163-8446B28AD834}
	EndProjectSection
EndProject
Project("{8BC9CEB8-8B4A-11D0-8D11-00A0C91BC942}") = "Lua", "Source\ThirdParty\Lua\Lua.vcxproj", "{FA24AF04-304B-37C4-9D6C-A35319402FDA}"
	ProjectSection(ProjectDependencies) = postProject
		{E45560A0-912F-323E-9163-8446B28AD834} = {E45560A0-912F-323E-9163-8446B28AD834}
	EndProjectSection
EndProject
Project("{8BC9CEB8-8B4A-11D0-8D11-00A0C91BC942}") = "OgreImporter", "Source\Tools\OgreImporter\OgreImporter.vcxproj", "{54AE80DB-DD7F-35E0-9C5F-CBF076C37FE7}"
	ProjectSection(ProjectDependencies) = postProject
		{03E68B0F-C269-3ADA-853A-EB09567D1C10} = {03E68B0F-C269-3ADA-853A-EB09567D1C10}
		{E45560A0-912F-323E-9163-8446B28AD834} = {E45560A0-912F-323E-9163-8446B28AD834}
	EndProjectSection
EndProject
Project("{8BC9CEB8-8B4A-11D0-8D11-00A0C91BC942}") = "PACKAGE", "PACKAGE.vcxproj", "{BB4309EE-BF8B-3D92-A396-B569B647E723}"
	ProjectSection(ProjectDependencies) = postProject
		{909CD789-989D-3A30-A243-D03850C02DD9} = {909CD789-989D-3A30-A243-D03850C02DD9}
		{E45560A0-912F-323E-9163-8446B28AD834} = {E45560A0-912F-323E-9163-8446B28AD834}
	EndProjectSection
EndProject
Project("{8BC9CEB8-8B4A-11D0-8D11-00A0C91BC942}") = "PackageTool", "Source\Tools\PackageTool\PackageTool.vcxproj", "{BEC80381-B5FB-3FD4-AE60-AF87F2F1C32F}"
	ProjectSection(ProjectDependencies) = postProject
		{3ABE5EF2-A2E5-330D-8DC6-5BEC16AB7645} = {3ABE5EF2-A2E5-330D-8DC6-5BEC16AB7645}
		{03E68B0F-C269-3ADA-853A-EB09567D1C10} = {03E68B0F-C269-3ADA-853A-EB09567D1C10}
		{E45560A0-912F-323E-9163-8446B28AD834} = {E45560A0-912F-323E-9163-8446B28AD834}
	EndProjectSection
EndProject
Project("{8BC9CEB8-8B4A-11D0-8D11-00A0C91BC942}") = "PugiXml", "Source\ThirdParty\PugiXml\PugiXml.vcxproj", "{BE490AB1-B2A9-3B77-98B4-66F57DD1B461}"
	ProjectSection(ProjectDependencies) = postProject
		{E45560A0-912F-323E-9163-8446B28AD834} = {E45560A0-912F-323E-9163-8446B28AD834}
	EndProjectSection
EndProject
Project("{8BC9CEB8-8B4A-11D0-8D11-00A0C91BC942}") = "RampGenerator", "Source\Tools\RampGenerator\RampGenerator.vcxproj", "{C8A13893-C245-3414-B35D-1958623A4B9D}"
	ProjectSection(ProjectDependencies) = postProject
		{03E68B0F-C269-3ADA-853A-EB09567D1C10} = {03E68B0F-C269-3ADA-853A-EB09567D1C10}
		{E45560A0-912F-323E-9163-8446B28AD834} = {E45560A0-912F-323E-9163-8446B28AD834}
	EndProjectSection
EndProject
Project("{8BC9CEB8-8B4A-11D0-8D11-00A0C91BC942}") = "Recast", "Source\ThirdParty\Recast\Recast.vcxproj", "{5AF36211-6669-3595-8E9B-0BC7CEE79D48}"
	ProjectSection(ProjectDependencies) = postProject
		{E45560A0-912F-323E-9163-8446B28AD834} = {E45560A0-912F-323E-9163-8446B28AD834}
	EndProjectSection
EndProject
Project("{8BC9CEB8-8B4A-11D0-8D11-00A0C91BC942}") = "SDL", "Source\ThirdParty\SDL\SDL.vcxproj", "{C67535C0-E73C-3C7F-9CC2-5B5B1426E860}"
	ProjectSection(ProjectDependencies) = postProject
		{E45560A0-912F-323E-9163-8446B28AD834} = {E45560A0-912F-323E-9163-8446B28AD834}
	EndProjectSection
EndProject
Project("{8BC9CEB8-8B4A-11D0-8D11-00A0C91BC942}") = "SLikeNet", "Source\ThirdParty\SLikeNet\SLikeNet.vcxproj", "{F18B07DE-08BB-3DDF-B2D8-04868723E540}"
	ProjectSection(ProjectDependencies) = postProject
		{E45560A0-912F-323E-9163-8446B28AD834} = {E45560A0-912F-323E-9163-8446B28AD834}
	EndProjectSection
EndProject
Project("{8BC9CEB8-8B4A-11D0-8D11-00A0C91BC942}") = "STB", "Source\ThirdParty\STB\STB.vcxproj", "{FA4186CE-11BA-3C22-8EB7-14EAFC187839}"
	ProjectSection(ProjectDependencies) = postProject
		{E45560A0-912F-323E-9163-8446B28AD834} = {E45560A0-912F-323E-9163-8446B28AD834}
	EndProjectSection
EndProject
Project("{8BC9CEB8-8B4A-11D0-8D11-00A0C91BC942}") = "ScriptCompiler", "Source\Tools\ScriptCompiler\ScriptCompiler.vcxproj", "{D00FE5FB-14F8-34F0-A224-E129538534A3}"
	ProjectSection(ProjectDependencies) = postProject
		{03E68B0F-C269-3ADA-853A-EB09567D1C10} = {03E68B0F-C269-3ADA-853A-EB09567D1C10}
		{E45560A0-912F-323E-9163-8446B28AD834} = {E45560A0-912F-323E-9163-8446B28AD834}
	EndProjectSection
EndProject
Project("{8BC9CEB8-8B4A-11D0-8D11-00A0C91BC942}") = "SpritePacker", "Source\Tools\SpritePacker\SpritePacker.vcxproj", "{D97F9BF9-4CFB-3A4E-9B5C-D02E30A91AA7}"
	ProjectSection(ProjectDependencies) = postProject
		{03E68B0F-C269-3ADA-853A-EB09567D1C10} = {03E68B0F-C269-3ADA-853A-EB09567D1C10}
		{E45560A0-912F-323E-9163-8446B28AD834} = {E45560A0-912F-323E-9163-8446B28AD834}
	EndProjectSection
EndProject
Project("{8BC9CEB8-8B4A-11D0-8D11-00A0C91BC942}") = "StanHull", "Source\ThirdParty\StanHull\StanHull.vcxproj", "{6043B08B-5AEF-33AA-B6FF-457B4F170AEF}"
	ProjectSection(ProjectDependencies) = postProject
		{E45560A0-912F-323E-9163-8446B28AD834} = {E45560A0-912F-323E-9163-8446B28AD834}
	EndProjectSection
EndProject
Project("{8BC9CEB8-8B4A-11D0-8D11-00A0C91BC942}") = "Urho3D", "Source\Urho3D\Urho3D.vcxproj", "{03E68B0F-C269-3ADA-853A-EB09567D1C10}"
	ProjectSection(ProjectDependencies) = postProject
		{640120E7-B0A0-37DD-A6E5-A2F9EA00CA56} = {640120E7-B0A0-37DD-A6E5-A2F9EA00CA56}
		{65BC9205-8EE1-3EF3-A1EF-525A60E61954} = {65BC9205-8EE1-3EF3-A1EF-525A60E61954}
		{38A9345F-76DF-3E57-81EB-ADAAB3FB9507} = {38A9345F-76DF-3E57-81EB-ADAAB3FB9507}
		{33FBB404-50CE-3F43-82E7-969197450D99} = {33FBB404-50CE-3F43-82E7-969197450D99}
		{575DA95B-11E4-3465-A63B-C56E6973FA79} = {575DA95B-11E4-3465-A63B-C56E6973FA79}
		{5760FD8D-5E42-363A-982B-F75C8222087D} = {5760FD8D-5E42-363A-982B-F75C8222087D}
		{ADC1FB3B-A7CF-306D-832A-D2C9A7E0E9EE} = {ADC1FB3B-A7CF-306D-832A-D2C9A7E0E9EE}
		{06131638-2BE0-3441-8C40-70F783988EA4} = {06131638-2BE0-3441-8C40-70F783988EA4}
		{38A1339B-7126-3A51-8D85-17626A25F160} = {38A1339B-7126-3A51-8D85-17626A25F160}
		{3ABE5EF2-A2E5-330D-8DC6-5BEC16AB7645} = {3ABE5EF2-A2E5-330D-8DC6-5BEC16AB7645}
		{E5FC2A4F-01D7-3224-8D83-AF7E59947D22} = {E5FC2A4F-01D7-3224-8D83-AF7E59947D22}
		{FA24AF04-304B-37C4-9D6C-A35319402FDA} = {FA24AF04-304B-37C4-9D6C-A35319402FDA}
		{BE490AB1-B2A9-3B77-98B4-66F57DD1B461} = {BE490AB1-B2A9-3B77-98B4-66F57DD1B461}
		{5AF36211-6669-3595-8E9B-0BC7CEE79D48} = {5AF36211-6669-3595-8E9B-0BC7CEE79D48}
		{C67535C0-E73C-3C7F-9CC2-5B5B1426E860} = {C67535C0-E73C-3C7F-9CC2-5B5B1426E860}
		{F18B07DE-08BB-3DDF-B2D8-04868723E540} = {F18B07DE-08BB-3DDF-B2D8-04868723E540}
		{FA4186CE-11BA-3C22-8EB7-14EAFC187839} = {FA4186CE-11BA-3C22-8EB7-14EAFC187839}
		{6043B08B-5AEF-33AA-B6FF-457B4F170AEF} = {6043B08B-5AEF-33AA-B6FF-457B4F170AEF}
		{8FA3F1BD-B72B-3192-927E-1EC458A85E77} = {8FA3F1BD-B72B-3192-927E-1EC458A85E77}
		{E45560A0-912F-323E-9163-8446B28AD834} = {E45560A0-912F-323E-9163-8446B28AD834}
		{599CC351-1B44-3ACC-ADBC-9439A5CDDAE3} = {599CC351-1B44-3ACC-ADBC-9439A5CDDAE3}
		{E84181B9-7C40-34AA-AEF1-2EA2536F30CD} = {E84181B9-7C40-34AA-AEF1-2EA2536F30CD}
		{79C5AA05-CF1A-3027-87F2-4E58DE0285E2} = {79C5AA05-CF1A-3027-87F2-4E58DE0285E2}
		{91C4A619-4B21-3634-8F2E-D0384462BDB2} = {91C4A619-4B21-3634-8F2E-D0384462BDB2}
	EndProjectSection
EndProject
Project("{8BC9CEB8-8B4A-11D0-8D11-00A0C91BC942}") = "Urho3DPlayer", "Source\Tools\Urho3DPlayer\Urho3DPlayer.vcxproj", "{7A74AB2C-D879-3DCD-B5BC-F6F85619520F}"
	ProjectSection(ProjectDependencies) = postProject
		{03E68B0F-C269-3ADA-853A-EB09567D1C10} = {03E68B0F-C269-3ADA-853A-EB09567D1C10}
		{E45560A0-912F-323E-9163-8446B28AD834} = {E45560A0-912F-323E-9163-8446B28AD834}
	EndProjectSection
EndProject
Project("{8BC9CEB8-8B4A-11D0-8D11-00A0C91BC942}") = "WebP", "Source\ThirdParty\WebP\WebP.vcxproj", "{8FA3F1BD-B72B-3192-927E-1EC458A85E77}"
	ProjectSection(ProjectDependencies) = postProject
		{E45560A0-912F-323E-9163-8446B28AD834} = {E45560A0-912F-323E-9163-8446B28AD834}
	EndProjectSection
EndProject
Project("{8BC9CEB8-8B4A-11D0-8D11-00A0C91BC942}") = "ZERO_CHECK", "ZERO_CHECK.vcxproj", "{E45560A0-912F-323E-9163-8446B28AD834}"
	ProjectSection(ProjectDependencies) = postProject
	EndProjectSection
EndProject
Project("{8BC9CEB8-8B4A-11D0-8D11-00A0C91BC942}") = "ik", "Source\ThirdParty\ik\ik.vcxproj", "{599CC351-1B44-3ACC-ADBC-9439A5CDDAE3}"
	ProjectSection(ProjectDependencies) = postProject
		{E45560A0-912F-323E-9163-8446B28AD834} = {E45560A0-912F-323E-9163-8446B28AD834}
	EndProjectSection
EndProject
Project("{8BC9CEB8-8B4A-11D0-8D11-00A0C91BC942}") = "lua_interpreter", "Source\ThirdParty\Lua\lua_interpreter.vcxproj", "{CC36E546-BB86-373B-ABB0-43D45B2ADD09}"
	ProjectSection(ProjectDependencies) = postProject
		{FA24AF04-304B-37C4-9D6C-A35319402FDA} = {FA24AF04-304B-37C4-9D6C-A35319402FDA}
		{E45560A0-912F-323E-9163-8446B28AD834} = {E45560A0-912F-323E-9163-8446B28AD834}
	EndProjectSection
EndProject
Project("{8BC9CEB8-8B4A-11D0-8D11-00A0C91BC942}") = "luac", "Source\ThirdParty\Lua\luac.vcxproj", "{EC3AB40C-C40F-3AD5-A60D-97F9CDAE88DD}"
	ProjectSection(ProjectDependencies) = postProject
		{FA24AF04-304B-37C4-9D6C-A35319402FDA} = {FA24AF04-304B-37C4-9D6C-A35319402FDA}
		{E45560A0-912F-323E-9163-8446B28AD834} = {E45560A0-912F-323E-9163-8446B28AD834}
	EndProjectSection
EndProject
Project("{8BC9CEB8-8B4A-11D0-8D11-00A0C91BC942}") = "rapidjson", "Source\ThirdParty\rapidjson\rapidjson.vcxproj", "{E84181B9-7C40-34AA-AEF1-2EA2536F30CD}"
	ProjectSection(ProjectDependencies) = postProject
		{E45560A0-912F-323E-9163-8446B28AD834} = {E45560A0-912F-323E-9163-8446B28AD834}
	EndProjectSection
EndProject
Project("{8BC9CEB8-8B4A-11D0-8D11-00A0C91BC942}") = "tolua++", "Source\ThirdParty\toluapp\src\bin\tolua++.vcxproj", "{79C5AA05-CF1A-3027-87F2-4E58DE0285E2}"
	ProjectSection(ProjectDependencies) = postProject
		{FA24AF04-304B-37C4-9D6C-A35319402FDA} = {FA24AF04-304B-37C4-9D6C-A35319402FDA}
		{E45560A0-912F-323E-9163-8446B28AD834} = {E45560A0-912F-323E-9163-8446B28AD834}
		{91C4A619-4B21-3634-8F2E-D0384462BDB2} = {91C4A619-4B21-3634-8F2E-D0384462BDB2}
	EndProjectSection
EndProject
Project("{8BC9CEB8-8B4A-11D0-8D11-00A0C91BC942}") = "toluapp", "Source\ThirdParty\toluapp\src\lib\toluapp.vcxproj", "{91C4A619-4B21-3634-8F2E-D0384462BDB2}"
	ProjectSection(ProjectDependencies) = postProject
		{E45560A0-912F-323E-9163-8446B28AD834} = {E45560A0-912F-323E-9163-8446B28AD834}
	EndProjectSection
EndProject
Global
	GlobalSection(SolutionConfigurationPlatforms) = preSolution
		Release|x64 = Release|x64
		RelWithDebInfo|x64 = RelWithDebInfo|x64
		Debug|x64 = Debug|x64
	EndGlobalSection
	GlobalSection(ProjectConfigurationPlatforms) = postSolution
		{909CD789-989D-3A30-A243-D03850C02DD9}.Release|x64.ActiveCfg = Release|x64
		{909CD789-989D-3A30-A243-D03850C02DD9}.Release|x64.Build.0 = Release|x64
		{909CD789-989D-3A30-A243-D03850C02DD9}.RelWithDebInfo|x64.ActiveCfg = RelWithDebInfo|x64
		{909CD789-989D-3A30-A243-D03850C02DD9}.RelWithDebInfo|x64.Build.0 = RelWithDebInfo|x64
		{909CD789-989D-3A30-A243-D03850C02DD9}.Debug|x64.ActiveCfg = Debug|x64
		{909CD789-989D-3A30-A243-D03850C02DD9}.Debug|x64.Build.0 = Debug|x64
		{6AAE0AC7-9DB4-3900-939E-229D82945AC1}.Release|x64.ActiveCfg = Release|x64
		{6AAE0AC7-9DB4-3900-939E-229D82945AC1}.Release|x64.Build.0 = Release|x64
		{6AAE0AC7-9DB4-3900-939E-229D82945AC1}.RelWithDebInfo|x64.ActiveCfg = RelWithDebInfo|x64
		{6AAE0AC7-9DB4-3900-939E-229D82945AC1}.RelWithDebInfo|x64.Build.0 = RelWithDebInfo|x64
		{6AAE0AC7-9DB4-3900-939E-229D82945AC1}.Debug|x64.ActiveCfg = Debug|x64
		{6AAE0AC7-9DB4-3900-939E-229D82945AC1}.Debug|x64.Build.0 = Debug|x64
		{DCB65A01-3B15-3F6C-A3FF-B09782F0F70E}.Release|x64.ActiveCfg = Release|x64
		{DCB65A01-3B15-3F6C-A3FF-B09782F0F70E}.Release|x64.Build.0 = Release|x64
		{DCB65A01-3B15-3F6C-A3FF-B09782F0F70E}.RelWithDebInfo|x64.ActiveCfg = RelWithDebInfo|x64
		{DCB65A01-3B15-3F6C-A3FF-B09782F0F70E}.RelWithDebInfo|x64.Build.0 = RelWithDebInfo|x64
		{DCB65A01-3B15-3F6C-A3FF-B09782F0F70E}.Debug|x64.ActiveCfg = Debug|x64
		{DCB65A01-3B15-3F6C-A3FF-B09782F0F70E}.Debug|x64.Build.0 = Debug|x64
		{DC5C26D1-73C6-353C-9D9B-924A73CB988E}.Release|x64.ActiveCfg = Release|x64
		{DC5C26D1-73C6-353C-9D9B-924A73CB988E}.Release|x64.Build.0 = Release|x64
		{DC5C26D1-73C6-353C-9D9B-924A73CB988E}.RelWithDebInfo|x64.ActiveCfg = RelWithDebInfo|x64
		{DC5C26D1-73C6-353C-9D9B-924A73CB988E}.RelWithDebInfo|x64.Build.0 = RelWithDebInfo|x64
		{DC5C26D1-73C6-353C-9D9B-924A73CB988E}.Debug|x64.ActiveCfg = Debug|x64
		{DC5C26D1-73C6-353C-9D9B-924A73CB988E}.Debug|x64.Build.0 = Debug|x64
		{0CA9F7A0-6A28-3740-8350-B76318E58F64}.Release|x64.ActiveCfg = Release|x64
		{0CA9F7A0-6A28-3740-8350-B76318E58F64}.Release|x64.Build.0 = Release|x64
		{0CA9F7A0-6A28-3740-8350-B76318E58F64}.RelWithDebInfo|x64.ActiveCfg = RelWithDebInfo|x64
		{0CA9F7A0-6A28-3740-8350-B76318E58F64}.RelWithDebInfo|x64.Build.0 = RelWithDebInfo|x64
		{0CA9F7A0-6A28-3740-8350-B76318E58F64}.Debug|x64.ActiveCfg = Debug|x64
		{0CA9F7A0-6A28-3740-8350-B76318E58F64}.Debug|x64.Build.0 = Debug|x64
		{9C03AF05-9E76-3F97-B0FB-4AB55214C59F}.Release|x64.ActiveCfg = Release|x64
		{9C03AF05-9E76-3F97-B0FB-4AB55214C59F}.Release|x64.Build.0 = Release|x64
		{9C03AF05-9E76-3F97-B0FB-4AB55214C59F}.RelWithDebInfo|x64.ActiveCfg = RelWithDebInfo|x64
		{9C03AF05-9E76-3F97-B0FB-4AB55214C59F}.RelWithDebInfo|x64.Build.0 = RelWithDebInfo|x64
		{9C03AF05-9E76-3F97-B0FB-4AB55214C59F}.Debug|x64.ActiveCfg = Debug|x64
		{9C03AF05-9E76-3F97-B0FB-4AB55214C59F}.Debug|x64.Build.0 = Debug|x64
		{2D289DA1-B120-3A83-8F14-D92B26B85A71}.Release|x64.ActiveCfg = Release|x64
		{2D289DA1-B120-3A83-8F14-D92B26B85A71}.Release|x64.Build.0 = Release|x64
		{2D289DA1-B120-3A83-8F14-D92B26B85A71}.RelWithDebInfo|x64.ActiveCfg = RelWithDebInfo|x64
		{2D289DA1-B120-3A83-8F14-D92B26B85A71}.RelWithDebInfo|x64.Build.0 = RelWithDebInfo|x64
		{2D289DA1-B120-3A83-8F14-D92B26B85A71}.Debug|x64.ActiveCfg = Debug|x64
		{2D289DA1-B120-3A83-8F14-D92B26B85A71}.Debug|x64.Build.0 = Debug|x64
		{55BBA167-14F3-37B2-A0B0-5A2276FA3A65}.Release|x64.ActiveCfg = Release|x64
		{55BBA167-14F3-37B2-A0B0-5A2276FA3A65}.Release|x64.Build.0 = Release|x64
		{55BBA167-14F3-37B2-A0B0-5A2276FA3A65}.RelWithDebInfo|x64.ActiveCfg = RelWithDebInfo|x64
		{55BBA167-14F3-37B2-A0B0-5A2276FA3A65}.RelWithDebInfo|x64.Build.0 = RelWithDebInfo|x64
		{55BBA167-14F3-37B2-A0B0-5A2276FA3A65}.Debug|x64.ActiveCfg = Debug|x64
		{55BBA167-14F3-37B2-A0B0-5A2276FA3A65}.Debug|x64.Build.0 = Debug|x64
		{4F811827-8050-3EC0-A07B-9EDFDACD9444}.Release|x64.ActiveCfg = Release|x64
		{4F811827-8050-3EC0-A07B-9EDFDACD9444}.Release|x64.Build.0 = Release|x64
		{4F811827-8050-3EC0-A07B-9EDFDACD9444}.RelWithDebInfo|x64.ActiveCfg = RelWithDebInfo|x64
		{4F811827-8050-3EC0-A07B-9EDFDACD9444}.RelWithDebInfo|x64.Build.0 = RelWithDebInfo|x64
		{4F811827-8050-3EC0-A07B-9EDFDACD9444}.Debug|x64.ActiveCfg = Debug|x64
		{4F811827-8050-3EC0-A07B-9EDFDACD9444}.Debug|x64.Build.0 = Debug|x64
		{0C831E25-CE82-3760-BFDC-222E519F4AB2}.Release|x64.ActiveCfg = Release|x64
		{0C831E25-CE82-3760-BFDC-222E519F4AB2}.Release|x64.Build.0 = Release|x64
		{0C831E25-CE82-3760-BFDC-222E519F4AB2}.RelWithDebInfo|x64.ActiveCfg = RelWithDebInfo|x64
		{0C831E25-CE82-3760-BFDC-222E519F4AB2}.RelWithDebInfo|x64.Build.0 = RelWithDebInfo|x64
		{0C831E25-CE82-3760-BFDC-222E519F4AB2}.Debug|x64.ActiveCfg = Debug|x64
		{0C831E25-CE82-3760-BFDC-222E519F4AB2}.Debug|x64.Build.0 = Debug|x64
		{31BA6917-81F6-31FE-99B9-06150F69B970}.Release|x64.ActiveCfg = Release|x64
		{31BA6917-81F6-31FE-99B9-06150F69B970}.Release|x64.Build.0 = Release|x64
		{31BA6917-81F6-31FE-99B9-06150F69B970}.RelWithDebInfo|x64.ActiveCfg = RelWithDebInfo|x64
		{31BA6917-81F6-31FE-99B9-06150F69B970}.RelWithDebInfo|x64.Build.0 = RelWithDebInfo|x64
		{31BA6917-81F6-31FE-99B9-06150F69B970}.Debug|x64.ActiveCfg = Debug|x64
		{31BA6917-81F6-31FE-99B9-06150F69B970}.Debug|x64.Build.0 = Debug|x64
		{9F62AEA8-8115-3588-9C6E-68C1961DE18E}.Release|x64.ActiveCfg = Release|x64
		{9F62AEA8-8115-3588-9C6E-68C1961DE18E}.Release|x64.Build.0 = Release|x64
		{9F62AEA8-8115-3588-9C6E-68C1961DE18E}.RelWithDebInfo|x64.ActiveCfg = RelWithDebInfo|x64
		{9F62AEA8-8115-3588-9C6E-68C1961DE18E}.RelWithDebInfo|x64.Build.0 = RelWithDebInfo|x64
		{9F62AEA8-8115-3588-9C6E-68C1961DE18E}.Debug|x64.ActiveCfg = Debug|x64
		{9F62AEA8-8115-3588-9C6E-68C1961DE18E}.Debug|x64.Build.0 = Debug|x64
		{6E9D3468-2F09-3EC3-9423-10343335D2E1}.Release|x64.ActiveCfg = Release|x64
		{6E9D3468-2F09-3EC3-9423-10343335D2E1}.Release|x64.Build.0 = Release|x64
		{6E9D3468-2F09-3EC3-9423-10343335D2E1}.RelWithDebInfo|x64.ActiveCfg = RelWithDebInfo|x64
		{6E9D3468-2F09-3EC3-9423-10343335D2E1}.RelWithDebInfo|x64.Build.0 = RelWithDebInfo|x64
		{6E9D3468-2F09-3EC3-9423-10343335D2E1}.Debug|x64.ActiveCfg = Debug|x64
		{6E9D3468-2F09-3EC3-9423-10343335D2E1}.Debug|x64.Build.0 = Debug|x64
		{CF245A38-51C0-338E-9C65-02E668161D78}.Release|x64.ActiveCfg = Release|x64
		{CF245A38-51C0-338E-9C65-02E668161D78}.Release|x64.Build.0 = Release|x64
		{CF245A38-51C0-338E-9C65-02E668161D78}.RelWithDebInfo|x64.ActiveCfg = RelWithDebInfo|x64
		{CF245A38-51C0-338E-9C65-02E668161D78}.RelWithDebInfo|x64.Build.0 = RelWithDebInfo|x64
		{CF245A38-51C0-338E-9C65-02E668161D78}.Debug|x64.ActiveCfg = Debug|x64
		{CF245A38-51C0-338E-9C65-02E668161D78}.Debug|x64.Build.0 = Debug|x64
		{D3125EC5-FC4C-3FDB-8D0A-C285B586AE8E}.Release|x64.ActiveCfg = Release|x64
		{D3125EC5-FC4C-3FDB-8D0A-C285B586AE8E}.Release|x64.Build.0 = Release|x64
		{D3125EC5-FC4C-3FDB-8D0A-C285B586AE8E}.RelWithDebInfo|x64.ActiveCfg = RelWithDebInfo|x64
		{D3125EC5-FC4C-3FDB-8D0A-C285B586AE8E}.RelWithDebInfo|x64.Build.0 = RelWithDebInfo|x64
		{D3125EC5-FC4C-3FDB-8D0A-C285B586AE8E}.Debug|x64.ActiveCfg = Debug|x64
		{D3125EC5-FC4C-3FDB-8D0A-C285B586AE8E}.Debug|x64.Build.0 = Debug|x64
		{5D7447D5-9C27-35EB-8C28-630BA64D2D0E}.Release|x64.ActiveCfg = Release|x64
		{5D7447D5-9C27-35EB-8C28-630BA64D2D0E}.Release|x64.Build.0 = Release|x64
		{5D7447D5-9C27-35EB-8C28-630BA64D2D0E}.RelWithDebInfo|x64.ActiveCfg = RelWithDebInfo|x64
		{5D7447D5-9C27-35EB-8C28-630BA64D2D0E}.RelWithDebInfo|x64.Build.0 = RelWithDebInfo|x64
		{5D7447D5-9C27-35EB-8C28-630BA64D2D0E}.Debug|x64.ActiveCfg = Debug|x64
		{5D7447D5-9C27-35EB-8C28-630BA64D2D0E}.Debug|x64.Build.0 = Debug|x64
		{44B4F27E-6D69-34BE-8B52-C70976C29820}.Release|x64.ActiveCfg = Release|x64
		{44B4F27E-6D69-34BE-8B52-C70976C29820}.Release|x64.Build.0 = Release|x64
		{44B4F27E-6D69-34BE-8B52-C70976C29820}.RelWithDebInfo|x64.ActiveCfg = RelWithDebInfo|x64
		{44B4F27E-6D69-34BE-8B52-C70976C29820}.RelWithDebInfo|x64.Build.0 = RelWithDebInfo|x64
		{44B4F27E-6D69-34BE-8B52-C70976C29820}.Debug|x64.ActiveCfg = Debug|x64
		{44B4F27E-6D69-34BE-8B52-C70976C29820}.Debug|x64.Build.0 = Debug|x64
		{3DC25442-4331-35CF-971B-54EF9D459B63}.Release|x64.ActiveCfg = Release|x64
		{3DC25442-4331-35CF-971B-54EF9D459B63}.Release|x64.Build.0 = Release|x64
		{3DC25442-4331-35CF-971B-54EF9D459B63}.RelWithDebInfo|x64.ActiveCfg = RelWithDebInfo|x64
		{3DC25442-4331-35CF-971B-54EF9D459B63}.RelWithDebInfo|x64.Build.0 = RelWithDebInfo|x64
		{3DC25442-4331-35CF-971B-54EF9D459B63}.Debug|x64.ActiveCfg = Debug|x64
		{3DC25442-4331-35CF-971B-54EF9D459B63}.Debug|x64.Build.0 = Debug|x64
		{12462A78-B679-345E-A647-CE94F15D58FC}.Release|x64.ActiveCfg = Release|x64
		{12462A78-B679-345E-A647-CE94F15D58FC}.Release|x64.Build.0 = Release|x64
		{12462A78-B679-345E-A647-CE94F15D58FC}.RelWithDebInfo|x64.ActiveCfg = RelWithDebInfo|x64
		{12462A78-B679-345E-A647-CE94F15D58FC}.RelWithDebInfo|x64.Build.0 = RelWithDebInfo|x64
		{12462A78-B679-345E-A647-CE94F15D58FC}.Debug|x64.ActiveCfg = Debug|x64
		{12462A78-B679-345E-A647-CE94F15D58FC}.Debug|x64.Build.0 = Debug|x64
		{70D464A0-D345-36A2-802E-2FA526A9735C}.Release|x64.ActiveCfg = Release|x64
		{70D464A0-D345-36A2-802E-2FA526A9735C}.Release|x64.Build.0 = Release|x64
		{70D464A0-D345-36A2-802E-2FA526A9735C}.RelWithDebInfo|x64.ActiveCfg = RelWithDebInfo|x64
		{70D464A0-D345-36A2-802E-2FA526A9735C}.RelWithDebInfo|x64.Build.0 = RelWithDebInfo|x64
		{70D464A0-D345-36A2-802E-2FA526A9735C}.Debug|x64.ActiveCfg = Debug|x64
		{70D464A0-D345-36A2-802E-2FA526A9735C}.Debug|x64.Build.0 = Debug|x64
		{9E66CF67-CF5F-3661-9C5D-3F815A2BF7C4}.Release|x64.ActiveCfg = Release|x64
		{9E66CF67-CF5F-3661-9C5D-3F815A2BF7C4}.Release|x64.Build.0 = Release|x64
		{9E66CF67-CF5F-3661-9C5D-3F815A2BF7C4}.RelWithDebInfo|x64.ActiveCfg = RelWithDebInfo|x64
		{9E66CF67-CF5F-3661-9C5D-3F815A2BF7C4}.RelWithDebInfo|x64.Build.0 = RelWithDebInfo|x64
		{9E66CF67-CF5F-3661-9C5D-3F815A2BF7C4}.Debug|x64.ActiveCfg = Debug|x64
		{9E66CF67-CF5F-3661-9C5D-3F815A2BF7C4}.Debug|x64.Build.0 = Debug|x64
		{28EBFED7-225C-3898-AE47-C43372174AA2}.Release|x64.ActiveCfg = Release|x64
		{28EBFED7-225C-3898-AE47-C43372174AA2}.Release|x64.Build.0 = Release|x64
		{28EBFED7-225C-3898-AE47-C43372174AA2}.RelWithDebInfo|x64.ActiveCfg = RelWithDebInfo|x64
		{28EBFED7-225C-3898-AE47-C43372174AA2}.RelWithDebInfo|x64.Build.0 = RelWithDebInfo|x64
		{28EBFED7-225C-3898-AE47-C43372174AA2}.Debug|x64.ActiveCfg = Debug|x64
		{28EBFED7-225C-3898-AE47-C43372174AA2}.Debug|x64.Build.0 = Debug|x64
		{9F4AD0B0-52F3-379D-994A-AC9578A6E5F6}.Release|x64.ActiveCfg = Release|x64
		{9F4AD0B0-52F3-379D-994A-AC9578A6E5F6}.Release|x64.Build.0 = Release|x64
		{9F4AD0B0-52F3-379D-994A-AC9578A6E5F6}.RelWithDebInfo|x64.ActiveCfg = RelWithDebInfo|x64
		{9F4AD0B0-52F3-379D-994A-AC9578A6E5F6}.RelWithDebInfo|x64.Build.0 = RelWithDebInfo|x64
		{9F4AD0B0-52F3-379D-994A-AC9578A6E5F6}.Debug|x64.ActiveCfg = Debug|x64
		{9F4AD0B0-52F3-379D-994A-AC9578A6E5F6}.Debug|x64.Build.0 = Debug|x64
		{94E7A0D1-EEE9-3B52-9890-936E153E486B}.Release|x64.ActiveCfg = Release|x64
		{94E7A0D1-EEE9-3B52-9890-936E153E486B}.Release|x64.Build.0 = Release|x64
		{94E7A0D1-EEE9-3B52-9890-936E153E486B}.RelWithDebInfo|x64.ActiveCfg = RelWithDebInfo|x64
		{94E7A0D1-EEE9-3B52-9890-936E153E486B}.RelWithDebInfo|x64.Build.0 = RelWithDebInfo|x64
		{94E7A0D1-EEE9-3B52-9890-936E153E486B}.Debug|x64.ActiveCfg = Debug|x64
		{94E7A0D1-EEE9-3B52-9890-936E153E486B}.Debug|x64.Build.0 = Debug|x64
		{2F7068C3-B538-3379-B4B6-F46D2B515824}.Release|x64.ActiveCfg = Release|x64
		{2F7068C3-B538-3379-B4B6-F46D2B515824}.Release|x64.Build.0 = Release|x64
		{2F7068C3-B538-3379-B4B6-F46D2B515824}.RelWithDebInfo|x64.ActiveCfg = RelWithDebInfo|x64
		{2F7068C3-B538-3379-B4B6-F46D2B515824}.RelWithDebInfo|x64.Build.0 = RelWithDebInfo|x64
		{2F7068C3-B538-3379-B4B6-F46D2B515824}.Debug|x64.ActiveCfg = Debug|x64
		{2F7068C3-B538-3379-B4B6-F46D2B515824}.Debug|x64.Build.0 = Debug|x64
		{2CFB7A55-3961-3251-854A-DE937BE8B7CE}.Release|x64.ActiveCfg = Release|x64
		{2CFB7A55-3961-3251-854A-DE937BE8B7CE}.Release|x64.Build.0 = Release|x64
		{2CFB7A55-3961-3251-854A-DE937BE8B7CE}.RelWithDebInfo|x64.ActiveCfg = RelWithDebInfo|x64
		{2CFB7A55-3961-3251-854A-DE937BE8B7CE}.RelWithDebInfo|x64.Build.0 = RelWithDebInfo|x64
		{2CFB7A55-3961-3251-854A-DE937BE8B7CE}.Debug|x64.ActiveCfg = Debug|x64
		{2CFB7A55-3961-3251-854A-DE937BE8B7CE}.Debug|x64.Build.0 = Debug|x64
		{0F2667F9-11DA-3A49-8B12-AC055D51FAE1}.Release|x64.ActiveCfg = Release|x64
		{0F2667F9-11DA-3A49-8B12-AC055D51FAE1}.Release|x64.Build.0 = Release|x64
		{0F2667F9-11DA-3A49-8B12-AC055D51FAE1}.RelWithDebInfo|x64.ActiveCfg = RelWithDebInfo|x64
		{0F2667F9-11DA-3A49-8B12-AC055D51FAE1}.RelWithDebInfo|x64.Build.0 = RelWithDebInfo|x64
		{0F2667F9-11DA-3A49-8B12-AC055D51FAE1}.Debug|x64.ActiveCfg = Debug|x64
		{0F2667F9-11DA-3A49-8B12-AC055D51FAE1}.Debug|x64.Build.0 = Debug|x64
		{3DDDD272-F77E-35E4-B8B6-0DB310B4BE2E}.Release|x64.ActiveCfg = Release|x64
		{3DDDD272-F77E-35E4-B8B6-0DB310B4BE2E}.Release|x64.Build.0 = Release|x64
		{3DDDD272-F77E-35E4-B8B6-0DB310B4BE2E}.RelWithDebInfo|x64.ActiveCfg = RelWithDebInfo|x64
		{3DDDD272-F77E-35E4-B8B6-0DB310B4BE2E}.RelWithDebInfo|x64.Build.0 = RelWithDebInfo|x64
		{3DDDD272-F77E-35E4-B8B6-0DB310B4BE2E}.Debug|x64.ActiveCfg = Debug|x64
		{3DDDD272-F77E-35E4-B8B6-0DB310B4BE2E}.Debug|x64.Build.0 = Debug|x64
		{D44B9E13-6268-37B6-BDEB-31C8B4644379}.Release|x64.ActiveCfg = Release|x64
		{D44B9E13-6268-37B6-BDEB-31C8B4644379}.Release|x64.Build.0 = Release|x64
		{D44B9E13-6268-37B6-BDEB-31C8B4644379}.RelWithDebInfo|x64.ActiveCfg = RelWithDebInfo|x64
		{D44B9E13-6268-37B6-BDEB-31C8B4644379}.RelWithDebInfo|x64.Build.0 = RelWithDebInfo|x64
		{D44B9E13-6268-37B6-BDEB-31C8B4644379}.Debug|x64.ActiveCfg = Debug|x64
		{D44B9E13-6268-37B6-BDEB-31C8B4644379}.Debug|x64.Build.0 = Debug|x64
		{40937C48-270C-3114-98A6-100F2B966B60}.Release|x64.ActiveCfg = Release|x64
		{40937C48-270C-3114-98A6-100F2B966B60}.Release|x64.Build.0 = Release|x64
		{40937C48-270C-3114-98A6-100F2B966B60}.RelWithDebInfo|x64.ActiveCfg = RelWithDebInfo|x64
		{40937C48-270C-3114-98A6-100F2B966B60}.RelWithDebInfo|x64.Build.0 = RelWithDebInfo|x64
		{40937C48-270C-3114-98A6-100F2B966B60}.Debug|x64.ActiveCfg = Debug|x64
		{40937C48-270C-3114-98A6-100F2B966B60}.Debug|x64.Build.0 = Debug|x64
		{B85EB071-A54F-389B-B88A-08AECC193F2B}.Release|x64.ActiveCfg = Release|x64
		{B85EB071-A54F-389B-B88A-08AECC193F2B}.Release|x64.Build.0 = Release|x64
		{B85EB071-A54F-389B-B88A-08AECC193F2B}.RelWithDebInfo|x64.ActiveCfg = RelWithDebInfo|x64
		{B85EB071-A54F-389B-B88A-08AECC193F2B}.RelWithDebInfo|x64.Build.0 = RelWithDebInfo|x64
		{B85EB071-A54F-389B-B88A-08AECC193F2B}.Debug|x64.ActiveCfg = Debug|x64
		{B85EB071-A54F-389B-B88A-08AECC193F2B}.Debug|x64.Build.0 = Debug|x64
		{E3E9890D-9D48-32C2-AC7E-D66B03AC78E4}.Release|x64.ActiveCfg = Release|x64
		{E3E9890D-9D48-32C2-AC7E-D66B03AC78E4}.Release|x64.Build.0 = Release|x64
		{E3E9890D-9D48-32C2-AC7E-D66B03AC78E4}.RelWithDebInfo|x64.ActiveCfg = RelWithDebInfo|x64
		{E3E9890D-9D48-32C2-AC7E-D66B03AC78E4}.RelWithDebInfo|x64.Build.0 = RelWithDebInfo|x64
		{E3E9890D-9D48-32C2-AC7E-D66B03AC78E4}.Debug|x64.ActiveCfg = Debug|x64
		{E3E9890D-9D48-32C2-AC7E-D66B03AC78E4}.Debug|x64.Build.0 = Debug|x64
		{C91C70C4-C3A7-3082-A7AC-7B55C8F368E1}.Release|x64.ActiveCfg = Release|x64
		{C91C70C4-C3A7-3082-A7AC-7B55C8F368E1}.Release|x64.Build.0 = Release|x64
		{C91C70C4-C3A7-3082-A7AC-7B55C8F368E1}.RelWithDebInfo|x64.ActiveCfg = RelWithDebInfo|x64
		{C91C70C4-C3A7-3082-A7AC-7B55C8F368E1}.RelWithDebInfo|x64.Build.0 = RelWithDebInfo|x64
		{C91C70C4-C3A7-3082-A7AC-7B55C8F368E1}.Debug|x64.ActiveCfg = Debug|x64
		{C91C70C4-C3A7-3082-A7AC-7B55C8F368E1}.Debug|x64.Build.0 = Debug|x64
		{585DB382-0710-388F-A5F0-A63BE10B3136}.Release|x64.ActiveCfg = Release|x64
		{585DB382-0710-388F-A5F0-A63BE10B3136}.Release|x64.Build.0 = Release|x64
		{585DB382-0710-388F-A5F0-A63BE10B3136}.RelWithDebInfo|x64.ActiveCfg = RelWithDebInfo|x64
		{585DB382-0710-388F-A5F0-A63BE10B3136}.RelWithDebInfo|x64.Build.0 = RelWithDebInfo|x64
		{585DB382-0710-388F-A5F0-A63BE10B3136}.Debug|x64.ActiveCfg = Debug|x64
		{585DB382-0710-388F-A5F0-A63BE10B3136}.Debug|x64.Build.0 = Debug|x64
		{05226A01-62EC-34C8-836D-6E425D0AA942}.Release|x64.ActiveCfg = Release|x64
		{05226A01-62EC-34C8-836D-6E425D0AA942}.Release|x64.Build.0 = Release|x64
		{05226A01-62EC-34C8-836D-6E425D0AA942}.RelWithDebInfo|x64.ActiveCfg = RelWithDebInfo|x64
		{05226A01-62EC-34C8-836D-6E425D0AA942}.RelWithDebInfo|x64.Build.0 = RelWithDebInfo|x64
		{05226A01-62EC-34C8-836D-6E425D0AA942}.Debug|x64.ActiveCfg = Debug|x64
		{05226A01-62EC-34C8-836D-6E425D0AA942}.Debug|x64.Build.0 = Debug|x64
		{09F421AF-B45C-3D89-818A-9361D2F75D4A}.Release|x64.ActiveCfg = Release|x64
		{09F421AF-B45C-3D89-818A-9361D2F75D4A}.Release|x64.Build.0 = Release|x64
		{09F421AF-B45C-3D89-818A-9361D2F75D4A}.RelWithDebInfo|x64.ActiveCfg = RelWithDebInfo|x64
		{09F421AF-B45C-3D89-818A-9361D2F75D4A}.RelWithDebInfo|x64.Build.0 = RelWithDebInfo|x64
		{09F421AF-B45C-3D89-818A-9361D2F75D4A}.Debug|x64.ActiveCfg = Debug|x64
		{09F421AF-B45C-3D89-818A-9361D2F75D4A}.Debug|x64.Build.0 = Debug|x64
		{FACD0AF5-F324-380E-8091-4E42106309FF}.Release|x64.ActiveCfg = Release|x64
		{FACD0AF5-F324-380E-8091-4E42106309FF}.Release|x64.Build.0 = Release|x64
		{FACD0AF5-F324-380E-8091-4E42106309FF}.RelWithDebInfo|x64.ActiveCfg = RelWithDebInfo|x64
		{FACD0AF5-F324-380E-8091-4E42106309FF}.RelWithDebInfo|x64.Build.0 = RelWithDebInfo|x64
		{FACD0AF5-F324-380E-8091-4E42106309FF}.Debug|x64.ActiveCfg = Debug|x64
		{FACD0AF5-F324-380E-8091-4E42106309FF}.Debug|x64.Build.0 = Debug|x64
		{519423B7-B0D1-3088-88C8-E1B8CEF02244}.Release|x64.ActiveCfg = Release|x64
		{519423B7-B0D1-3088-88C8-E1B8CEF02244}.Release|x64.Build.0 = Release|x64
		{519423B7-B0D1-3088-88C8-E1B8CEF02244}.RelWithDebInfo|x64.ActiveCfg = RelWithDebInfo|x64
		{519423B7-B0D1-3088-88C8-E1B8CEF02244}.RelWithDebInfo|x64.Build.0 = RelWithDebInfo|x64
		{519423B7-B0D1-3088-88C8-E1B8CEF02244}.Debug|x64.ActiveCfg = Debug|x64
		{519423B7-B0D1-3088-88C8-E1B8CEF02244}.Debug|x64.Build.0 = Debug|x64
		{623BDAFB-DDE8-3994-8706-DFFE691B6156}.Release|x64.ActiveCfg = Release|x64
		{623BDAFB-DDE8-3994-8706-DFFE691B6156}.Release|x64.Build.0 = Release|x64
		{623BDAFB-DDE8-3994-8706-DFFE691B6156}.RelWithDebInfo|x64.ActiveCfg = RelWithDebInfo|x64
		{623BDAFB-DDE8-3994-8706-DFFE691B6156}.RelWithDebInfo|x64.Build.0 = RelWithDebInfo|x64
		{623BDAFB-DDE8-3994-8706-DFFE691B6156}.Debug|x64.ActiveCfg = Debug|x64
		{623BDAFB-DDE8-3994-8706-DFFE691B6156}.Debug|x64.Build.0 = Debug|x64
		{C295DA5E-FA40-35FB-9797-069C583E4FFE}.Release|x64.ActiveCfg = Release|x64
		{C295DA5E-FA40-35FB-9797-069C583E4FFE}.Release|x64.Build.0 = Release|x64
		{C295DA5E-FA40-35FB-9797-069C583E4FFE}.RelWithDebInfo|x64.ActiveCfg = RelWithDebInfo|x64
		{C295DA5E-FA40-35FB-9797-069C583E4FFE}.RelWithDebInfo|x64.Build.0 = RelWithDebInfo|x64
		{C295DA5E-FA40-35FB-9797-069C583E4FFE}.Debug|x64.ActiveCfg = Debug|x64
		{C295DA5E-FA40-35FB-9797-069C583E4FFE}.Debug|x64.Build.0 = Debug|x64
		{0CC4693D-B205-3279-901B-62863C1AA6B6}.Release|x64.ActiveCfg = Release|x64
		{0CC4693D-B205-3279-901B-62863C1AA6B6}.Release|x64.Build.0 = Release|x64
		{0CC4693D-B205-3279-901B-62863C1AA6B6}.RelWithDebInfo|x64.ActiveCfg = RelWithDebInfo|x64
		{0CC4693D-B205-3279-901B-62863C1AA6B6}.RelWithDebInfo|x64.Build.0 = RelWithDebInfo|x64
		{0CC4693D-B205-3279-901B-62863C1AA6B6}.Debug|x64.ActiveCfg = Debug|x64
		{0CC4693D-B205-3279-901B-62863C1AA6B6}.Debug|x64.Build.0 = Debug|x64
		{6DC0B19A-E560-3115-BCD0-E8E9B0963B62}.Release|x64.ActiveCfg = Release|x64
		{6DC0B19A-E560-3115-BCD0-E8E9B0963B62}.Release|x64.Build.0 = Release|x64
		{6DC0B19A-E560-3115-BCD0-E8E9B0963B62}.RelWithDebInfo|x64.ActiveCfg = RelWithDebInfo|x64
		{6DC0B19A-E560-3115-BCD0-E8E9B0963B62}.RelWithDebInfo|x64.Build.0 = RelWithDebInfo|x64
		{6DC0B19A-E560-3115-BCD0-E8E9B0963B62}.Debug|x64.ActiveCfg = Debug|x64
		{6DC0B19A-E560-3115-BCD0-E8E9B0963B62}.Debug|x64.Build.0 = Debug|x64
		{E97F1CE1-299D-36ED-BB47-F423E2462D1E}.Release|x64.ActiveCfg = Release|x64
		{E97F1CE1-299D-36ED-BB47-F423E2462D1E}.Release|x64.Build.0 = Release|x64
		{E97F1CE1-299D-36ED-BB47-F423E2462D1E}.RelWithDebInfo|x64.ActiveCfg = RelWithDebInfo|x64
		{E97F1CE1-299D-36ED-BB47-F423E2462D1E}.RelWithDebInfo|x64.Build.0 = RelWithDebInfo|x64
		{E97F1CE1-299D-36ED-BB47-F423E2462D1E}.Debug|x64.ActiveCfg = Debug|x64
		{E97F1CE1-299D-36ED-BB47-F423E2462D1E}.Debug|x64.Build.0 = Debug|x64
		{F8D6B70D-C047-3BFD-A713-DC48F23828BE}.Release|x64.ActiveCfg = Release|x64
		{F8D6B70D-C047-3BFD-A713-DC48F23828BE}.Release|x64.Build.0 = Release|x64
		{F8D6B70D-C047-3BFD-A713-DC48F23828BE}.RelWithDebInfo|x64.ActiveCfg = RelWithDebInfo|x64
		{F8D6B70D-C047-3BFD-A713-DC48F23828BE}.RelWithDebInfo|x64.Build.0 = RelWithDebInfo|x64
		{F8D6B70D-C047-3BFD-A713-DC48F23828BE}.Debug|x64.ActiveCfg = Debug|x64
		{F8D6B70D-C047-3BFD-A713-DC48F23828BE}.Debug|x64.Build.0 = Debug|x64
		{CEDA5300-DD34-37FB-8E2C-981785A2A213}.Release|x64.ActiveCfg = Release|x64
		{CEDA5300-DD34-37FB-8E2C-981785A2A213}.Release|x64.Build.0 = Release|x64
		{CEDA5300-DD34-37FB-8E2C-981785A2A213}.RelWithDebInfo|x64.ActiveCfg = RelWithDebInfo|x64
		{CEDA5300-DD34-37FB-8E2C-981785A2A213}.RelWithDebInfo|x64.Build.0 = RelWithDebInfo|x64
		{CEDA5300-DD34-37FB-8E2C-981785A2A213}.Debug|x64.ActiveCfg = Debug|x64
		{CEDA5300-DD34-37FB-8E2C-981785A2A213}.Debug|x64.Build.0 = Debug|x64
		{E0E197FA-622E-3991-8C05-F924377E21C6}.Release|x64.ActiveCfg = Release|x64
		{E0E197FA-622E-3991-8C05-F924377E21C6}.Release|x64.Build.0 = Release|x64
		{E0E197FA-622E-3991-8C05-F924377E21C6}.RelWithDebInfo|x64.ActiveCfg = RelWithDebInfo|x64
		{E0E197FA-622E-3991-8C05-F924377E21C6}.RelWithDebInfo|x64.Build.0 = RelWithDebInfo|x64
		{E0E197FA-622E-3991-8C05-F924377E21C6}.Debug|x64.ActiveCfg = Debug|x64
		{E0E197FA-622E-3991-8C05-F924377E21C6}.Debug|x64.Build.0 = Debug|x64
		{ED5D5493-E575-3AD9-967F-C6C15FB9646D}.Release|x64.ActiveCfg = Release|x64
		{ED5D5493-E575-3AD9-967F-C6C15FB9646D}.Release|x64.Build.0 = Release|x64
		{ED5D5493-E575-3AD9-967F-C6C15FB9646D}.RelWithDebInfo|x64.ActiveCfg = RelWithDebInfo|x64
		{ED5D5493-E575-3AD9-967F-C6C15FB9646D}.RelWithDebInfo|x64.Build.0 = RelWithDebInfo|x64
		{ED5D5493-E575-3AD9-967F-C6C15FB9646D}.Debug|x64.ActiveCfg = Debug|x64
		{ED5D5493-E575-3AD9-967F-C6C15FB9646D}.Debug|x64.Build.0 = Debug|x64
		{4EF5BFF1-12F7-3250-B706-0E755A62BE45}.Release|x64.ActiveCfg = Release|x64
		{4EF5BFF1-12F7-3250-B706-0E755A62BE45}.Release|x64.Build.0 = Release|x64
		{4EF5BFF1-12F7-3250-B706-0E755A62BE45}.RelWithDebInfo|x64.ActiveCfg = RelWithDebInfo|x64
		{4EF5BFF1-12F7-3250-B706-0E755A62BE45}.RelWithDebInfo|x64.Build.0 = RelWithDebInfo|x64
		{4EF5BFF1-12F7-3250-B706-0E755A62BE45}.Debug|x64.ActiveCfg = Debug|x64
		{4EF5BFF1-12F7-3250-B706-0E755A62BE45}.Debug|x64.Build.0 = Debug|x64
		{62EBF493-27F4-3AD0-8F5B-A2F2D70D867A}.Release|x64.ActiveCfg = Release|x64
		{62EBF493-27F4-3AD0-8F5B-A2F2D70D867A}.Release|x64.Build.0 = Release|x64
		{62EBF493-27F4-3AD0-8F5B-A2F2D70D867A}.RelWithDebInfo|x64.ActiveCfg = RelWithDebInfo|x64
		{62EBF493-27F4-3AD0-8F5B-A2F2D70D867A}.RelWithDebInfo|x64.Build.0 = RelWithDebInfo|x64
		{62EBF493-27F4-3AD0-8F5B-A2F2D70D867A}.Debug|x64.ActiveCfg = Debug|x64
		{62EBF493-27F4-3AD0-8F5B-A2F2D70D867A}.Debug|x64.Build.0 = Debug|x64
		{5CA273CC-2301-3C01-BAD8-D0403539994B}.Release|x64.ActiveCfg = Release|x64
		{5CA273CC-2301-3C01-BAD8-D0403539994B}.Release|x64.Build.0 = Release|x64
		{5CA273CC-2301-3C01-BAD8-D0403539994B}.RelWithDebInfo|x64.ActiveCfg = RelWithDebInfo|x64
		{5CA273CC-2301-3C01-BAD8-D0403539994B}.RelWithDebInfo|x64.Build.0 = RelWithDebInfo|x64
		{5CA273CC-2301-3C01-BAD8-D0403539994B}.Debug|x64.ActiveCfg = Debug|x64
		{5CA273CC-2301-3C01-BAD8-D0403539994B}.Debug|x64.Build.0 = Debug|x64
		{A95B4175-9338-372F-B58D-35C7EFA0685A}.Release|x64.ActiveCfg = Release|x64
		{A95B4175-9338-372F-B58D-35C7EFA0685A}.Release|x64.Build.0 = Release|x64
		{A95B4175-9338-372F-B58D-35C7EFA0685A}.RelWithDebInfo|x64.ActiveCfg = RelWithDebInfo|x64
		{A95B4175-9338-372F-B58D-35C7EFA0685A}.RelWithDebInfo|x64.Build.0 = RelWithDebInfo|x64
		{A95B4175-9338-372F-B58D-35C7EFA0685A}.Debug|x64.ActiveCfg = Debug|x64
		{A95B4175-9338-372F-B58D-35C7EFA0685A}.Debug|x64.Build.0 = Debug|x64
		{1BF02681-1014-3FB6-929B-BC117B955B9E}.Release|x64.ActiveCfg = Release|x64
		{1BF02681-1014-3FB6-929B-BC117B955B9E}.Release|x64.Build.0 = Release|x64
		{1BF02681-1014-3FB6-929B-BC117B955B9E}.RelWithDebInfo|x64.ActiveCfg = RelWithDebInfo|x64
		{1BF02681-1014-3FB6-929B-BC117B955B9E}.RelWithDebInfo|x64.Build.0 = RelWithDebInfo|x64
		{1BF02681-1014-3FB6-929B-BC117B955B9E}.Debug|x64.ActiveCfg = Debug|x64
		{1BF02681-1014-3FB6-929B-BC117B955B9E}.Debug|x64.Build.0 = Debug|x64
		{64D9AEE2-D13D-3BF2-B156-D7F8C70863C8}.Release|x64.ActiveCfg = Release|x64
		{64D9AEE2-D13D-3BF2-B156-D7F8C70863C8}.Release|x64.Build.0 = Release|x64
		{64D9AEE2-D13D-3BF2-B156-D7F8C70863C8}.RelWithDebInfo|x64.ActiveCfg = RelWithDebInfo|x64
		{64D9AEE2-D13D-3BF2-B156-D7F8C70863C8}.RelWithDebInfo|x64.Build.0 = RelWithDebInfo|x64
		{64D9AEE2-D13D-3BF2-B156-D7F8C70863C8}.Debug|x64.ActiveCfg = Debug|x64
		{64D9AEE2-D13D-3BF2-B156-D7F8C70863C8}.Debug|x64.Build.0 = Debug|x64
		{E9072E41-48D7-3DC1-AC23-A567037E22DA}.Release|x64.ActiveCfg = Release|x64
		{E9072E41-48D7-3DC1-AC23-A567037E22DA}.Release|x64.Build.0 = Release|x64
		{E9072E41-48D7-3DC1-AC23-A567037E22DA}.RelWithDebInfo|x64.ActiveCfg = RelWithDebInfo|x64
		{E9072E41-48D7-3DC1-AC23-A567037E22DA}.RelWithDebInfo|x64.Build.0 = RelWithDebInfo|x64
		{E9072E41-48D7-3DC1-AC23-A567037E22DA}.Debug|x64.ActiveCfg = Debug|x64
		{E9072E41-48D7-3DC1-AC23-A567037E22DA}.Debug|x64.Build.0 = Debug|x64
		{640120E7-B0A0-37DD-A6E5-A2F9EA00CA56}.Release|x64.ActiveCfg = Release|x64
		{640120E7-B0A0-37DD-A6E5-A2F9EA00CA56}.Release|x64.Build.0 = Release|x64
		{640120E7-B0A0-37DD-A6E5-A2F9EA00CA56}.RelWithDebInfo|x64.ActiveCfg = RelWithDebInfo|x64
		{640120E7-B0A0-37DD-A6E5-A2F9EA00CA56}.RelWithDebInfo|x64.Build.0 = RelWithDebInfo|x64
		{640120E7-B0A0-37DD-A6E5-A2F9EA00CA56}.Debug|x64.ActiveCfg = Debug|x64
		{640120E7-B0A0-37DD-A6E5-A2F9EA00CA56}.Debug|x64.Build.0 = Debug|x64
		{B3B38AE1-E005-3013-8C15-BB815613F2C0}.Release|x64.ActiveCfg = Release|x64
		{B3B38AE1-E005-3013-8C15-BB815613F2C0}.Release|x64.Build.0 = Release|x64
		{B3B38AE1-E005-3013-8C15-BB815613F2C0}.RelWithDebInfo|x64.ActiveCfg = RelWithDebInfo|x64
		{B3B38AE1-E005-3013-8C15-BB815613F2C0}.RelWithDebInfo|x64.Build.0 = RelWithDebInfo|x64
		{B3B38AE1-E005-3013-8C15-BB815613F2C0}.Debug|x64.ActiveCfg = Debug|x64
		{B3B38AE1-E005-3013-8C15-BB815613F2C0}.Debug|x64.Build.0 = Debug|x64
		{6703EC29-5DA4-3C03-9148-034E396EDA3B}.Release|x64.ActiveCfg = Release|x64
		{6703EC29-5DA4-3C03-9148-034E396EDA3B}.Release|x64.Build.0 = Release|x64
		{6703EC29-5DA4-3C03-9148-034E396EDA3B}.RelWithDebInfo|x64.ActiveCfg = RelWithDebInfo|x64
		{6703EC29-5DA4-3C03-9148-034E396EDA3B}.RelWithDebInfo|x64.Build.0 = RelWithDebInfo|x64
		{6703EC29-5DA4-3C03-9148-034E396EDA3B}.Debug|x64.ActiveCfg = Debug|x64
		{6703EC29-5DA4-3C03-9148-034E396EDA3B}.Debug|x64.Build.0 = Debug|x64
		{65BC9205-8EE1-3EF3-A1EF-525A60E61954}.Release|x64.ActiveCfg = Release|x64
		{65BC9205-8EE1-3EF3-A1EF-525A60E61954}.Release|x64.Build.0 = Release|x64
		{65BC9205-8EE1-3EF3-A1EF-525A60E61954}.RelWithDebInfo|x64.ActiveCfg = RelWithDebInfo|x64
		{65BC9205-8EE1-3EF3-A1EF-525A60E61954}.RelWithDebInfo|x64.Build.0 = RelWithDebInfo|x64
		{65BC9205-8EE1-3EF3-A1EF-525A60E61954}.Debug|x64.ActiveCfg = Debug|x64
		{65BC9205-8EE1-3EF3-A1EF-525A60E61954}.Debug|x64.Build.0 = Debug|x64
		{38A9345F-76DF-3E57-81EB-ADAAB3FB9507}.Release|x64.ActiveCfg = Release|x64
		{38A9345F-76DF-3E57-81EB-ADAAB3FB9507}.Release|x64.Build.0 = Release|x64
		{38A9345F-76DF-3E57-81EB-ADAAB3FB9507}.RelWithDebInfo|x64.ActiveCfg = RelWithDebInfo|x64
		{38A9345F-76DF-3E57-81EB-ADAAB3FB9507}.RelWithDebInfo|x64.Build.0 = RelWithDebInfo|x64
		{38A9345F-76DF-3E57-81EB-ADAAB3FB9507}.Debug|x64.ActiveCfg = Debug|x64
		{38A9345F-76DF-3E57-81EB-ADAAB3FB9507}.Debug|x64.Build.0 = Debug|x64
		{33FBB404-50CE-3F43-82E7-969197450D99}.Release|x64.ActiveCfg = Release|x64
		{33FBB404-50CE-3F43-82E7-969197450D99}.Release|x64.Build.0 = Release|x64
		{33FBB404-50CE-3F43-82E7-969197450D99}.RelWithDebInfo|x64.ActiveCfg = RelWithDebInfo|x64
		{33FBB404-50CE-3F43-82E7-969197450D99}.RelWithDebInfo|x64.Build.0 = RelWithDebInfo|x64
		{33FBB404-50CE-3F43-82E7-969197450D99}.Debug|x64.ActiveCfg = Debug|x64
		{33FBB404-50CE-3F43-82E7-969197450D99}.Debug|x64.Build.0 = Debug|x64
		{575DA95B-11E4-3465-A63B-C56E6973FA79}.Release|x64.ActiveCfg = Release|x64
		{575DA95B-11E4-3465-A63B-C56E6973FA79}.Release|x64.Build.0 = Release|x64
		{575DA95B-11E4-3465-A63B-C56E6973FA79}.RelWithDebInfo|x64.ActiveCfg = RelWithDebInfo|x64
		{575DA95B-11E4-3465-A63B-C56E6973FA79}.RelWithDebInfo|x64.Build.0 = RelWithDebInfo|x64
		{575DA95B-11E4-3465-A63B-C56E6973FA79}.Debug|x64.ActiveCfg = Debug|x64
		{575DA95B-11E4-3465-A63B-C56E6973FA79}.Debug|x64.Build.0 = Debug|x64
		{5760FD8D-5E42-363A-982B-F75C8222087D}.Release|x64.ActiveCfg = Release|x64
		{5760FD8D-5E42-363A-982B-F75C8222087D}.Release|x64.Build.0 = Release|x64
		{5760FD8D-5E42-363A-982B-F75C8222087D}.RelWithDebInfo|x64.ActiveCfg = RelWithDebInfo|x64
		{5760FD8D-5E42-363A-982B-F75C8222087D}.RelWithDebInfo|x64.Build.0 = RelWithDebInfo|x64
		{5760FD8D-5E42-363A-982B-F75C8222087D}.Debug|x64.ActiveCfg = Debug|x64
		{5760FD8D-5E42-363A-982B-F75C8222087D}.Debug|x64.Build.0 = Debug|x64
		{ADC1FB3B-A7CF-306D-832A-D2C9A7E0E9EE}.Release|x64.ActiveCfg = Release|x64
		{ADC1FB3B-A7CF-306D-832A-D2C9A7E0E9EE}.Release|x64.Build.0 = Release|x64
		{ADC1FB3B-A7CF-306D-832A-D2C9A7E0E9EE}.RelWithDebInfo|x64.ActiveCfg = RelWithDebInfo|x64
		{ADC1FB3B-A7CF-306D-832A-D2C9A7E0E9EE}.RelWithDebInfo|x64.Build.0 = RelWithDebInfo|x64
		{ADC1FB3B-A7CF-306D-832A-D2C9A7E0E9EE}.Debug|x64.ActiveCfg = Debug|x64
		{ADC1FB3B-A7CF-306D-832A-D2C9A7E0E9EE}.Debug|x64.Build.0 = Debug|x64
		{06131638-2BE0-3441-8C40-70F783988EA4}.Release|x64.ActiveCfg = Release|x64
		{06131638-2BE0-3441-8C40-70F783988EA4}.Release|x64.Build.0 = Release|x64
		{06131638-2BE0-3441-8C40-70F783988EA4}.RelWithDebInfo|x64.ActiveCfg = RelWithDebInfo|x64
		{06131638-2BE0-3441-8C40-70F783988EA4}.RelWithDebInfo|x64.Build.0 = RelWithDebInfo|x64
		{06131638-2BE0-3441-8C40-70F783988EA4}.Debug|x64.ActiveCfg = Debug|x64
		{06131638-2BE0-3441-8C40-70F783988EA4}.Debug|x64.Build.0 = Debug|x64
		{38A1339B-7126-3A51-8D85-17626A25F160}.Release|x64.ActiveCfg = Release|x64
		{38A1339B-7126-3A51-8D85-17626A25F160}.Release|x64.Build.0 = Release|x64
		{38A1339B-7126-3A51-8D85-17626A25F160}.RelWithDebInfo|x64.ActiveCfg = RelWithDebInfo|x64
		{38A1339B-7126-3A51-8D85-17626A25F160}.RelWithDebInfo|x64.Build.0 = RelWithDebInfo|x64
		{38A1339B-7126-3A51-8D85-17626A25F160}.Debug|x64.ActiveCfg = Debug|x64
		{38A1339B-7126-3A51-8D85-17626A25F160}.Debug|x64.Build.0 = Debug|x64
		{FAF8395E-DAC2-3D92-9304-3466CD9A4B6D}.Release|x64.ActiveCfg = Release|x64
		{FAF8395E-DAC2-3D92-9304-3466CD9A4B6D}.RelWithDebInfo|x64.ActiveCfg = RelWithDebInfo|x64
		{FAF8395E-DAC2-3D92-9304-3466CD9A4B6D}.Debug|x64.ActiveCfg = Debug|x64
		{3ABE5EF2-A2E5-330D-8DC6-5BEC16AB7645}.Release|x64.ActiveCfg = Release|x64
		{3ABE5EF2-A2E5-330D-8DC6-5BEC16AB7645}.Release|x64.Build.0 = Release|x64
		{3ABE5EF2-A2E5-330D-8DC6-5BEC16AB7645}.RelWithDebInfo|x64.ActiveCfg = RelWithDebInfo|x64
		{3ABE5EF2-A2E5-330D-8DC6-5BEC16AB7645}.RelWithDebInfo|x64.Build.0 = RelWithDebInfo|x64
		{3ABE5EF2-A2E5-330D-8DC6-5BEC16AB7645}.Debug|x64.ActiveCfg = Debug|x64
		{3ABE5EF2-A2E5-330D-8DC6-5BEC16AB7645}.Debug|x64.Build.0 = Debug|x64
		{E5FC2A4F-01D7-3224-8D83-AF7E59947D22}.Release|x64.ActiveCfg = Release|x64
		{E5FC2A4F-01D7-3224-8D83-AF7E59947D22}.Release|x64.Build.0 = Release|x64
		{E5FC2A4F-01D7-3224-8D83-AF7E59947D22}.RelWithDebInfo|x64.ActiveCfg = RelWithDebInfo|x64
		{E5FC2A4F-01D7-3224-8D83-AF7E59947D22}.RelWithDebInfo|x64.Build.0 = RelWithDebInfo|x64
		{E5FC2A4F-01D7-3224-8D83-AF7E59947D22}.Debug|x64.ActiveCfg = Debug|x64
		{E5FC2A4F-01D7-3224-8D83-AF7E59947D22}.Debug|x64.Build.0 = Debug|x64
		{FA24AF04-304B-37C4-9D6C-A35319402FDA}.Release|x64.ActiveCfg = Release|x64
		{FA24AF04-304B-37C4-9D6C-A35319402FDA}.Release|x64.Build.0 = Release|x64
		{FA24AF04-304B-37C4-9D6C-A35319402FDA}.RelWithDebInfo|x64.ActiveCfg = RelWithDebInfo|x64
		{FA24AF04-304B-37C4-9D6C-A35319402FDA}.RelWithDebInfo|x64.Build.0 = RelWithDebInfo|x64
		{FA24AF04-304B-37C4-9D6C-A35319402FDA}.Debug|x64.ActiveCfg = Debug|x64
		{FA24AF04-304B-37C4-9D6C-A35319402FDA}.Debug|x64.Build.0 = Debug|x64
		{54AE80DB-DD7F-35E0-9C5F-CBF076C37FE7}.Release|x64.ActiveCfg = Release|x64
		{54AE80DB-DD7F-35E0-9C5F-CBF076C37FE7}.Release|x64.Build.0 = Release|x64
		{54AE80DB-DD7F-35E0-9C5F-CBF076C37FE7}.RelWithDebInfo|x64.ActiveCfg = RelWithDebInfo|x64
		{54AE80DB-DD7F-35E0-9C5F-CBF076C37FE7}.RelWithDebInfo|x64.Build.0 = RelWithDebInfo|x64
		{54AE80DB-DD7F-35E0-9C5F-CBF076C37FE7}.Debug|x64.ActiveCfg = Debug|x64
		{54AE80DB-DD7F-35E0-9C5F-CBF076C37FE7}.Debug|x64.Build.0 = Debug|x64
		{BB4309EE-BF8B-3D92-A396-B569B647E723}.Release|x64.ActiveCfg = Release|x64
		{BB4309EE-BF8B-3D92-A396-B569B647E723}.RelWithDebInfo|x64.ActiveCfg = RelWithDebInfo|x64
		{BB4309EE-BF8B-3D92-A396-B569B647E723}.Debug|x64.ActiveCfg = Debug|x64
		{BEC80381-B5FB-3FD4-AE60-AF87F2F1C32F}.Release|x64.ActiveCfg = Release|x64
		{BEC80381-B5FB-3FD4-AE60-AF87F2F1C32F}.Release|x64.Build.0 = Release|x64
		{BEC80381-B5FB-3FD4-AE60-AF87F2F1C32F}.RelWithDebInfo|x64.ActiveCfg = RelWithDebInfo|x64
		{BEC80381-B5FB-3FD4-AE60-AF87F2F1C32F}.RelWithDebInfo|x64.Build.0 = RelWithDebInfo|x64
		{BEC80381-B5FB-3FD4-AE60-AF87F2F1C32F}.Debug|x64.ActiveCfg = Debug|x64
		{BEC80381-B5FB-3FD4-AE60-AF87F2F1C32F}.Debug|x64.Build.0 = Debug|x64
		{BE490AB1-B2A9-3B77-98B4-66F57DD1B461}.Release|x64.ActiveCfg = Release|x64
		{BE490AB1-B2A9-3B77-98B4-66F57DD1B461}.Release|x64.Build.0 = Release|x64
		{BE490AB1-B2A9-3B77-98B4-66F57DD1B461}.RelWithDebInfo|x64.ActiveCfg = RelWithDebInfo|x64
		{BE490AB1-B2A9-3B77-98B4-66F57DD1B461}.RelWithDebInfo|x64.Build.0 = RelWithDebInfo|x64
		{BE490AB1-B2A9-3B77-98B4-66F57DD1B461}.Debug|x64.ActiveCfg = Debug|x64
		{BE490AB1-B2A9-3B77-98B4-66F57DD1B461}.Debug|x64.Build.0 = Debug|x64
		{C8A13893-C245-3414-B35D-1958623A4B9D}.Release|x64.ActiveCfg = Release|x64
		{C8A13893-C245-3414-B35D-1958623A4B9D}.Release|x64.Build.0 = Release|x64
		{C8A13893-C245-3414-B35D-1958623A4B9D}.RelWithDebInfo|x64.ActiveCfg = RelWithDebInfo|x64
		{C8A13893-C245-3414-B35D-1958623A4B9D}.RelWithDebInfo|x64.Build.0 = RelWithDebInfo|x64
		{C8A13893-C245-3414-B35D-1958623A4B9D}.Debug|x64.ActiveCfg = Debug|x64
		{C8A13893-C245-3414-B35D-1958623A4B9D}.Debug|x64.Build.0 = Debug|x64
		{5AF36211-6669-3595-8E9B-0BC7CEE79D48}.Release|x64.ActiveCfg = Release|x64
		{5AF36211-6669-3595-8E9B-0BC7CEE79D48}.Release|x64.Build.0 = Release|x64
		{5AF36211-6669-3595-8E9B-0BC7CEE79D48}.RelWithDebInfo|x64.ActiveCfg = RelWithDebInfo|x64
		{5AF36211-6669-3595-8E9B-0BC7CEE79D48}.RelWithDebInfo|x64.Build.0 = RelWithDebInfo|x64
		{5AF36211-6669-3595-8E9B-0BC7CEE79D48}.Debug|x64.ActiveCfg = Debug|x64
		{5AF36211-6669-3595-8E9B-0BC7CEE79D48}.Debug|x64.Build.0 = Debug|x64
		{C67535C0-E73C-3C7F-9CC2-5B5B1426E860}.Release|x64.ActiveCfg = Release|x64
		{C67535C0-E73C-3C7F-9CC2-5B5B1426E860}.Release|x64.Build.0 = Release|x64
		{C67535C0-E73C-3C7F-9CC2-5B5B1426E860}.RelWithDebInfo|x64.ActiveCfg = RelWithDebInfo|x64
		{C67535C0-E73C-3C7F-9CC2-5B5B1426E860}.RelWithDebInfo|x64.Build.0 = RelWithDebInfo|x64
		{C67535C0-E73C-3C7F-9CC2-5B5B1426E860}.Debug|x64.ActiveCfg = Debug|x64
		{C67535C0-E73C-3C7F-9CC2-5B5B1426E860}.Debug|x64.Build.0 = Debug|x64
		{F18B07DE-08BB-3DDF-B2D8-04868723E540}.Release|x64.ActiveCfg = Release|x64
		{F18B07DE-08BB-3DDF-B2D8-04868723E540}.Release|x64.Build.0 = Release|x64
		{F18B07DE-08BB-3DDF-B2D8-04868723E540}.RelWithDebInfo|x64.ActiveCfg = RelWithDebInfo|x64
		{F18B07DE-08BB-3DDF-B2D8-04868723E540}.RelWithDebInfo|x64.Build.0 = RelWithDebInfo|x64
		{F18B07DE-08BB-3DDF-B2D8-04868723E540}.Debug|x64.ActiveCfg = Debug|x64
		{F18B07DE-08BB-3DDF-B2D8-04868723E540}.Debug|x64.Build.0 = Debug|x64
		{FA4186CE-11BA-3C22-8EB7-14EAFC187839}.Release|x64.ActiveCfg = Release|x64
		{FA4186CE-11BA-3C22-8EB7-14EAFC187839}.Release|x64.Build.0 = Release|x64
		{FA4186CE-11BA-3C22-8EB7-14EAFC187839}.RelWithDebInfo|x64.ActiveCfg = RelWithDebInfo|x64
		{FA4186CE-11BA-3C22-8EB7-14EAFC187839}.RelWithDebInfo|x64.Build.0 = RelWithDebInfo|x64
		{FA4186CE-11BA-3C22-8EB7-14EAFC187839}.Debug|x64.ActiveCfg = Debug|x64
		{FA4186CE-11BA-3C22-8EB7-14EAFC187839}.Debug|x64.Build.0 = Debug|x64
		{D00FE5FB-14F8-34F0-A224-E129538534A3}.Release|x64.ActiveCfg = Release|x64
		{D00FE5FB-14F8-34F0-A224-E129538534A3}.Release|x64.Build.0 = Release|x64
		{D00FE5FB-14F8-34F0-A224-E129538534A3}.RelWithDebInfo|x64.ActiveCfg = RelWithDebInfo|x64
		{D00FE5FB-14F8-34F0-A224-E129538534A3}.RelWithDebInfo|x64.Build.0 = RelWithDebInfo|x64
		{D00FE5FB-14F8-34F0-A224-E129538534A3}.Debug|x64.ActiveCfg = Debug|x64
		{D00FE5FB-14F8-34F0-A224-E129538534A3}.Debug|x64.Build.0 = Debug|x64
		{D97F9BF9-4CFB-3A4E-9B5C-D02E30A91AA7}.Release|x64.ActiveCfg = Release|x64
		{D97F9BF9-4CFB-3A4E-9B5C-D02E30A91AA7}.Release|x64.Build.0 = Release|x64
		{D97F9BF9-4CFB-3A4E-9B5C-D02E30A91AA7}.RelWithDebInfo|x64.ActiveCfg = RelWithDebInfo|x64
		{D97F9BF9-4CFB-3A4E-9B5C-D02E30A91AA7}.RelWithDebInfo|x64.Build.0 = RelWithDebInfo|x64
		{D97F9BF9-4CFB-3A4E-9B5C-D02E30A91AA7}.Debug|x64.ActiveCfg = Debug|x64
		{D97F9BF9-4CFB-3A4E-9B5C-D02E30A91AA7}.Debug|x64.Build.0 = Debug|x64
		{6043B08B-5AEF-33AA-B6FF-457B4F170AEF}.Release|x64.ActiveCfg = Release|x64
		{6043B08B-5AEF-33AA-B6FF-457B4F170AEF}.Release|x64.Build.0 = Release|x64
		{6043B08B-5AEF-33AA-B6FF-457B4F170AEF}.RelWithDebInfo|x64.ActiveCfg = RelWithDebInfo|x64
		{6043B08B-5AEF-33AA-B6FF-457B4F170AEF}.RelWithDebInfo|x64.Build.0 = RelWithDebInfo|x64
		{6043B08B-5AEF-33AA-B6FF-457B4F170AEF}.Debug|x64.ActiveCfg = Debug|x64
		{6043B08B-5AEF-33AA-B6FF-457B4F170AEF}.Debug|x64.Build.0 = Debug|x64
		{03E68B0F-C269-3ADA-853A-EB09567D1C10}.Release|x64.ActiveCfg = Release|x64
		{03E68B0F-C269-3ADA-853A-EB09567D1C10}.Release|x64.Build.0 = Release|x64
		{03E68B0F-C269-3ADA-853A-EB09567D1C10}.RelWithDebInfo|x64.ActiveCfg = RelWithDebInfo|x64
		{03E68B0F-C269-3ADA-853A-EB09567D1C10}.RelWithDebInfo|x64.Build.0 = RelWithDebInfo|x64
		{03E68B0F-C269-3ADA-853A-EB09567D1C10}.Debug|x64.ActiveCfg = Debug|x64
		{03E68B0F-C269-3ADA-853A-EB09567D1C10}.Debug|x64.Build.0 = Debug|x64
		{7A74AB2C-D879-3DCD-B5BC-F6F85619520F}.Release|x64.ActiveCfg = Release|x64
		{7A74AB2C-D879-3DCD-B5BC-F6F85619520F}.Release|x64.Build.0 = Release|x64
		{7A74AB2C-D879-3DCD-B5BC-F6F85619520F}.RelWithDebInfo|x64.ActiveCfg = RelWithDebInfo|x64
		{7A74AB2C-D879-3DCD-B5BC-F6F85619520F}.RelWithDebInfo|x64.Build.0 = RelWithDebInfo|x64
		{7A74AB2C-D879-3DCD-B5BC-F6F85619520F}.Debug|x64.ActiveCfg = Debug|x64
		{7A74AB2C-D879-3DCD-B5BC-F6F85619520F}.Debug|x64.Build.0 = Debug|x64
		{8FA3F1BD-B72B-3192-927E-1EC458A85E77}.Release|x64.ActiveCfg = Release|x64
		{8FA3F1BD-B72B-3192-927E-1EC458A85E77}.Release|x64.Build.0 = Release|x64
		{8FA3F1BD-B72B-3192-927E-1EC458A85E77}.RelWithDebInfo|x64.ActiveCfg = RelWithDebInfo|x64
		{8FA3F1BD-B72B-3192-927E-1EC458A85E77}.RelWithDebInfo|x64.Build.0 = RelWithDebInfo|x64
		{8FA3F1BD-B72B-3192-927E-1EC458A85E77}.Debug|x64.ActiveCfg = Debug|x64
		{8FA3F1BD-B72B-3192-927E-1EC458A85E77}.Debug|x64.Build.0 = Debug|x64
		{E45560A0-912F-323E-9163-8446B28AD834}.Release|x64.ActiveCfg = Release|x64
		{E45560A0-912F-323E-9163-8446B28AD834}.Release|x64.Build.0 = Release|x64
		{E45560A0-912F-323E-9163-8446B28AD834}.RelWithDebInfo|x64.ActiveCfg = RelWithDebInfo|x64
		{E45560A0-912F-323E-9163-8446B28AD834}.RelWithDebInfo|x64.Build.0 = RelWithDebInfo|x64
		{E45560A0-912F-323E-9163-8446B28AD834}.Debug|x64.ActiveCfg = Debug|x64
		{E45560A0-912F-323E-9163-8446B28AD834}.Debug|x64.Build.0 = Debug|x64
		{599CC351-1B44-3ACC-ADBC-9439A5CDDAE3}.Release|x64.ActiveCfg = Release|x64
		{599CC351-1B44-3ACC-ADBC-9439A5CDDAE3}.Release|x64.Build.0 = Release|x64
		{599CC351-1B44-3ACC-ADBC-9439A5CDDAE3}.RelWithDebInfo|x64.ActiveCfg = RelWithDebInfo|x64
		{599CC351-1B44-3ACC-ADBC-9439A5CDDAE3}.RelWithDebInfo|x64.Build.0 = RelWithDebInfo|x64
		{599CC351-1B44-3ACC-ADBC-9439A5CDDAE3}.Debug|x64.ActiveCfg = Debug|x64
		{599CC351-1B44-3ACC-ADBC-9439A5CDDAE3}.Debug|x64.Build.0 = Debug|x64
		{CC36E546-BB86-373B-ABB0-43D45B2ADD09}.Release|x64.ActiveCfg = Release|x64
		{CC36E546-BB86-373B-ABB0-43D45B2ADD09}.Release|x64.Build.0 = Release|x64
		{CC36E546-BB86-373B-ABB0-43D45B2ADD09}.RelWithDebInfo|x64.ActiveCfg = RelWithDebInfo|x64
		{CC36E546-BB86-373B-ABB0-43D45B2ADD09}.RelWithDebInfo|x64.Build.0 = RelWithDebInfo|x64
		{CC36E546-BB86-373B-ABB0-43D45B2ADD09}.Debug|x64.ActiveCfg = Debug|x64
		{CC36E546-BB86-373B-ABB0-43D45B2ADD09}.Debug|x64.Build.0 = Debug|x64
		{EC3AB40C-C40F-3AD5-A60D-97F9CDAE88DD}.Release|x64.ActiveCfg = Release|x64
		{EC3AB40C-C40F-3AD5-A60D-97F9CDAE88DD}.Release|x64.Build.0 = Release|x64
		{EC3AB40C-C40F-3AD5-A60D-97F9CDAE88DD}.RelWithDebInfo|x64.ActiveCfg = RelWithDebInfo|x64
		{EC3AB40C-C40F-3AD5-A60D-97F9CDAE88DD}.RelWithDebInfo|x64.Build.0 = RelWithDebInfo|x64
		{EC3AB40C-C40F-3AD5-A60D-97F9CDAE88DD}.Debug|x64.ActiveCfg = Debug|x64
		{EC3AB40C-C40F-3AD5-A60D-97F9CDAE88DD}.Debug|x64.Build.0 = Debug|x64
		{E84181B9-7C40-34AA-AEF1-2EA2536F30CD}.Release|x64.ActiveCfg = Release|x64
		{E84181B9-7C40-34AA-AEF1-2EA2536F30CD}.Release|x64.Build.0 = Release|x64
		{E84181B9-7C40-34AA-AEF1-2EA2536F30CD}.RelWithDebInfo|x64.ActiveCfg = RelWithDebInfo|x64
		{E84181B9-7C40-34AA-AEF1-2EA2536F30CD}.RelWithDebInfo|x64.Build.0 = RelWithDebInfo|x64
		{E84181B9-7C40-34AA-AEF1-2EA2536F30CD}.Debug|x64.ActiveCfg = Debug|x64
		{E84181B9-7C40-34AA-AEF1-2EA2536F30CD}.Debug|x64.Build.0 = Debug|x64
		{79C5AA05-CF1A-3027-87F2-4E58DE0285E2}.Release|x64.ActiveCfg = Release|x64
		{79C5AA05-CF1A-3027-87F2-4E58DE0285E2}.Release|x64.Build.0 = Release|x64
		{79C5AA05-CF1A-3027-87F2-4E58DE0285E2}.RelWithDebInfo|x64.ActiveCfg = RelWithDebInfo|x64
		{79C5AA05-CF1A-3027-87F2-4E58DE0285E2}.RelWithDebInfo|x64.Build.0 = RelWithDebInfo|x64
		{79C5AA05-CF1A-3027-87F2-4E58DE0285E2}.Debug|x64.ActiveCfg = Debug|x64
		{79C5AA05-CF1A-3027-87F2-4E58DE0285E2}.Debug|x64.Build.0 = Debug|x64
		{91C4A619-4B21-3634-8F2E-D0384462BDB2}.Release|x64.ActiveCfg = Release|x64
		{91C4A619-4B21-3634-8F2E-D0384462BDB2}.Release|x64.Build.0 = Release|x64
		{91C4A619-4B21-3634-8F2E-D0384462BDB2}.RelWithDebInfo|x64.ActiveCfg = RelWithDebInfo|x64
		{91C4A619-4B21-3634-8F2E-D0384462BDB2}.RelWithDebInfo|x64.Build.0 = RelWithDebInfo|x64
		{91C4A619-4B21-3634-8F2E-D0384462BDB2}.Debug|x64.ActiveCfg = Debug|x64
		{91C4A619-4B21-3634-8F2E-D0384462BDB2}.Debug|x64.Build.0 = Debug|x64
	EndGlobalSection
	GlobalSection(ExtensibilityGlobals) = postSolution
		SolutionGuid = {64B75B5E-9A43-3056-B09A-EBB954E9CDDD}
	EndGlobalSection
	GlobalSection(ExtensibilityAddIns) = postSolution
	EndGlobalSection
EndGlobal
